// !$*UTF8*$!
{
	archiveVersion = 1;
	classes = {
	};
	objectVersion = 56;
	objects = {

/* Begin PBXBuildFile section */
		82270F1D29F81343005705CE /* AppDelegate.swift in Sources */ = {isa = PBXBuildFile; fileRef = 82270F1C29F81343005705CE /* AppDelegate.swift */; };
		82270F1F29F81343005705CE /* SceneDelegate.swift in Sources */ = {isa = PBXBuildFile; fileRef = 82270F1E29F81343005705CE /* SceneDelegate.swift */; };
		82270F2129F81343005705CE /* ViewController.swift in Sources */ = {isa = PBXBuildFile; fileRef = 82270F2029F81343005705CE /* ViewController.swift */; };
		82270F2429F81343005705CE /* Main.storyboard in Resources */ = {isa = PBXBuildFile; fileRef = 82270F2229F81343005705CE /* Main.storyboard */; };
		82270F2629F81344005705CE /* Assets.xcassets in Resources */ = {isa = PBXBuildFile; fileRef = 82270F2529F81344005705CE /* Assets.xcassets */; };
		82270F2929F81344005705CE /* LaunchScreen.storyboard in Resources */ = {isa = PBXBuildFile; fileRef = 82270F2729F81344005705CE /* LaunchScreen.storyboard */; };
		82270F4829F815EF005705CE /* CorePlanets.framework in Frameworks */ = {isa = PBXBuildFile; fileRef = 82270F4629F815EF005705CE /* CorePlanets.framework */; };
		82270F4929F815EF005705CE /* CorePlanets.framework in Embed Frameworks */ = {isa = PBXBuildFile; fileRef = 82270F4629F815EF005705CE /* CorePlanets.framework */; settings = {ATTRIBUTES = (CodeSignOnCopy, RemoveHeadersOnCopy, ); }; };
		82270F4A29F815EF005705CE /* PlanetsIOS.framework in Frameworks */ = {isa = PBXBuildFile; fileRef = 82270F4729F815EF005705CE /* PlanetsIOS.framework */; };
		82270F4B29F815EF005705CE /* PlanetsIOS.framework in Embed Frameworks */ = {isa = PBXBuildFile; fileRef = 82270F4729F815EF005705CE /* PlanetsIOS.framework */; settings = {ATTRIBUTES = (CodeSignOnCopy, RemoveHeadersOnCopy, ); }; };
		82270F4E29F84037005705CE /* PlanetLoaderWithFallbackComposite.swift in Sources */ = {isa = PBXBuildFile; fileRef = 82270F4D29F84037005705CE /* PlanetLoaderWithFallbackComposite.swift */; };
/* End PBXBuildFile section */

/* Begin PBXCopyFilesBuildPhase section */
		82270F4C29F815EF005705CE /* Embed Frameworks */ = {
			isa = PBXCopyFilesBuildPhase;
			buildActionMask = 2147483647;
			dstPath = "";
			dstSubfolderSpec = 10;
			files = (
				82270F4B29F815EF005705CE /* PlanetsIOS.framework in Embed Frameworks */,
				82270F4929F815EF005705CE /* CorePlanets.framework in Embed Frameworks */,
			);
			name = "Embed Frameworks";
			runOnlyForDeploymentPostprocessing = 0;
		};
/* End PBXCopyFilesBuildPhase section */

/* Begin PBXFileReference section */
		82270F1929F81343005705CE /* PlanetsApp.app */ = {isa = PBXFileReference; explicitFileType = wrapper.application; includeInIndex = 0; path = PlanetsApp.app; sourceTree = BUILT_PRODUCTS_DIR; };
		82270F1C29F81343005705CE /* AppDelegate.swift */ = {isa = PBXFileReference; lastKnownFileType = sourcecode.swift; path = AppDelegate.swift; sourceTree = "<group>"; };
		82270F1E29F81343005705CE /* SceneDelegate.swift */ = {isa = PBXFileReference; lastKnownFileType = sourcecode.swift; path = SceneDelegate.swift; sourceTree = "<group>"; };
		82270F2029F81343005705CE /* ViewController.swift */ = {isa = PBXFileReference; lastKnownFileType = sourcecode.swift; path = ViewController.swift; sourceTree = "<group>"; };
		82270F2329F81343005705CE /* Base */ = {isa = PBXFileReference; lastKnownFileType = file.storyboard; name = Base; path = Base.lproj/Main.storyboard; sourceTree = "<group>"; };
		82270F2529F81344005705CE /* Assets.xcassets */ = {isa = PBXFileReference; lastKnownFileType = folder.assetcatalog; path = Assets.xcassets; sourceTree = "<group>"; };
		82270F2829F81344005705CE /* Base */ = {isa = PBXFileReference; lastKnownFileType = file.storyboard; name = Base; path = Base.lproj/LaunchScreen.storyboard; sourceTree = "<group>"; };
		82270F2A29F81344005705CE /* Info.plist */ = {isa = PBXFileReference; lastKnownFileType = text.plist.xml; path = Info.plist; sourceTree = "<group>"; };
		82270F4629F815EF005705CE /* CorePlanets.framework */ = {isa = PBXFileReference; explicitFileType = wrapper.framework; path = CorePlanets.framework; sourceTree = BUILT_PRODUCTS_DIR; };
		82270F4729F815EF005705CE /* PlanetsIOS.framework */ = {isa = PBXFileReference; explicitFileType = wrapper.framework; path = PlanetsIOS.framework; sourceTree = BUILT_PRODUCTS_DIR; };
		82270F4D29F84037005705CE /* PlanetLoaderWithFallbackComposite.swift */ = {isa = PBXFileReference; lastKnownFileType = sourcecode.swift; path = PlanetLoaderWithFallbackComposite.swift; sourceTree = "<group>"; };
/* End PBXFileReference section */

/* Begin PBXFrameworksBuildPhase section */
		82270F1629F81343005705CE /* Frameworks */ = {
			isa = PBXFrameworksBuildPhase;
			buildActionMask = 2147483647;
			files = (
				82270F4A29F815EF005705CE /* PlanetsIOS.framework in Frameworks */,
				82270F4829F815EF005705CE /* CorePlanets.framework in Frameworks */,
			);
			runOnlyForDeploymentPostprocessing = 0;
		};
/* End PBXFrameworksBuildPhase section */

/* Begin PBXGroup section */
		82270F1029F81342005705CE = {
			isa = PBXGroup;
			children = (
				82270F1B29F81343005705CE /* PlanetsApp */,
				82270F1A29F81343005705CE /* Products */,
				82270F4529F815EF005705CE /* Frameworks */,
			);
			sourceTree = "<group>";
		};
		82270F1A29F81343005705CE /* Products */ = {
			isa = PBXGroup;
			children = (
				82270F1929F81343005705CE /* PlanetsApp.app */,
			);
			name = Products;
			sourceTree = "<group>";
		};
		82270F1B29F81343005705CE /* PlanetsApp */ = {
			isa = PBXGroup;
			children = (
				82270F1C29F81343005705CE /* AppDelegate.swift */,
				82270F1E29F81343005705CE /* SceneDelegate.swift */,
				82270F2029F81343005705CE /* ViewController.swift */,
				82270F2229F81343005705CE /* Main.storyboard */,
				82270F2529F81344005705CE /* Assets.xcassets */,
				82270F2729F81344005705CE /* LaunchScreen.storyboard */,
				82270F2A29F81344005705CE /* Info.plist */,
				82270F4D29F84037005705CE /* PlanetLoaderWithFallbackComposite.swift */,
			);
			path = PlanetsApp;
			sourceTree = "<group>";
		};
		82270F4529F815EF005705CE /* Frameworks */ = {
			isa = PBXGroup;
			children = (
				82270F4629F815EF005705CE /* CorePlanets.framework */,
				82270F4729F815EF005705CE /* PlanetsIOS.framework */,
			);
			name = Frameworks;
			sourceTree = "<group>";
		};
/* End PBXGroup section */

/* Begin PBXNativeTarget section */
		82270F1829F81343005705CE /* PlanetsApp */ = {
			isa = PBXNativeTarget;
			buildConfigurationList = 82270F2D29F81344005705CE /* Build configuration list for PBXNativeTarget "PlanetsApp" */;
			buildPhases = (
				82270F1529F81343005705CE /* Sources */,
				82270F1629F81343005705CE /* Frameworks */,
				82270F1729F81343005705CE /* Resources */,
				82270F4C29F815EF005705CE /* Embed Frameworks */,
			);
			buildRules = (
			);
			dependencies = (
			);
			name = PlanetsApp;
			productName = PlanetsApp;
			productReference = 82270F1929F81343005705CE /* PlanetsApp.app */;
			productType = "com.apple.product-type.application";
		};
/* End PBXNativeTarget section */

/* Begin PBXProject section */
		82270F1129F81342005705CE /* Project object */ = {
			isa = PBXProject;
			attributes = {
				BuildIndependentTargetsInParallel = 1;
				LastSwiftUpdateCheck = 1420;
				LastUpgradeCheck = 1420;
				TargetAttributes = {
					82270F1829F81343005705CE = {
						CreatedOnToolsVersion = 14.2;
					};
				};
			};
			buildConfigurationList = 82270F1429F81342005705CE /* Build configuration list for PBXProject "PlanetsApp" */;
			compatibilityVersion = "Xcode 14.0";
			developmentRegion = en;
			hasScannedForEncodings = 0;
			knownRegions = (
				en,
				Base,
			);
			mainGroup = 82270F1029F81342005705CE;
			productRefGroup = 82270F1A29F81343005705CE /* Products */;
			projectDirPath = "";
			projectRoot = "";
			targets = (
				82270F1829F81343005705CE /* PlanetsApp */,
			);
		};
/* End PBXProject section */

/* Begin PBXResourcesBuildPhase section */
		82270F1729F81343005705CE /* Resources */ = {
			isa = PBXResourcesBuildPhase;
			buildActionMask = 2147483647;
			files = (
				82270F2929F81344005705CE /* LaunchScreen.storyboard in Resources */,
				82270F2629F81344005705CE /* Assets.xcassets in Resources */,
				82270F2429F81343005705CE /* Main.storyboard in Resources */,
			);
			runOnlyForDeploymentPostprocessing = 0;
		};
/* End PBXResourcesBuildPhase section */

/* Begin PBXSourcesBuildPhase section */
		82270F1529F81343005705CE /* Sources */ = {
			isa = PBXSourcesBuildPhase;
			buildActionMask = 2147483647;
			files = (
				82270F4E29F84037005705CE /* PlanetLoaderWithFallbackComposite.swift in Sources */,
				82270F2129F81343005705CE /* ViewController.swift in Sources */,
				82270F1D29F81343005705CE /* AppDelegate.swift in Sources */,
				82270F1F29F81343005705CE /* SceneDelegate.swift in Sources */,
			);
			runOnlyForDeploymentPostprocessing = 0;
		};
/* End PBXSourcesBuildPhase section */

/* Begin PBXVariantGroup section */
		82270F2229F81343005705CE /* Main.storyboard */ = {
			isa = PBXVariantGroup;
			children = (
				82270F2329F81343005705CE /* Base */,
			);
			name = Main.storyboard;
			sourceTree = "<group>";
		};
		82270F2729F81344005705CE /* LaunchScreen.storyboard */ = {
			isa = PBXVariantGroup;
			children = (
				82270F2829F81344005705CE /* Base */,
			);
			name = LaunchScreen.storyboard;
			sourceTree = "<group>";
		};
/* End PBXVariantGroup section */

/* Begin XCBuildConfiguration section */
		82270F2B29F81344005705CE /* Debug */ = {
			isa = XCBuildConfiguration;
			buildSettings = {
				ALWAYS_SEARCH_USER_PATHS = NO;
				CLANG_ANALYZER_NONNULL = YES;
				CLANG_ANALYZER_NUMBER_OBJECT_CONVERSION = YES_AGGRESSIVE;
				CLANG_CXX_LANGUAGE_STANDARD = "gnu++20";
				CLANG_ENABLE_MODULES = YES;
				CLANG_ENABLE_OBJC_ARC = YES;
				CLANG_ENABLE_OBJC_WEAK = YES;
				CLANG_WARN_BLOCK_CAPTURE_AUTORELEASING = YES;
				CLANG_WARN_BOOL_CONVERSION = YES;
				CLANG_WARN_COMMA = YES;
				CLANG_WARN_CONSTANT_CONVERSION = YES;
				CLANG_WARN_DEPRECATED_OBJC_IMPLEMENTATIONS = YES;
				CLANG_WARN_DIRECT_OBJC_ISA_USAGE = YES_ERROR;
				CLANG_WARN_DOCUMENTATION_COMMENTS = YES;
				CLANG_WARN_EMPTY_BODY = YES;
				CLANG_WARN_ENUM_CONVERSION = YES;
				CLANG_WARN_INFINITE_RECURSION = YES;
				CLANG_WARN_INT_CONVERSION = YES;
				CLANG_WARN_NON_LITERAL_NULL_CONVERSION = YES;
				CLANG_WARN_OBJC_IMPLICIT_RETAIN_SELF = YES;
				CLANG_WARN_OBJC_LITERAL_CONVERSION = YES;
				CLANG_WARN_OBJC_ROOT_CLASS = YES_ERROR;
				CLANG_WARN_QUOTED_INCLUDE_IN_FRAMEWORK_HEADER = YES;
				CLANG_WARN_RANGE_LOOP_ANALYSIS = YES;
				CLANG_WARN_STRICT_PROTOTYPES = YES;
				CLANG_WARN_SUSPICIOUS_MOVE = YES;
				CLANG_WARN_UNGUARDED_AVAILABILITY = YES_AGGRESSIVE;
				CLANG_WARN_UNREACHABLE_CODE = YES;
				CLANG_WARN__DUPLICATE_METHOD_MATCH = YES;
				COPY_PHASE_STRIP = NO;
				DEBUG_INFORMATION_FORMAT = dwarf;
				ENABLE_STRICT_OBJC_MSGSEND = YES;
				ENABLE_TESTABILITY = YES;
				GCC_C_LANGUAGE_STANDARD = gnu11;
				GCC_DYNAMIC_NO_PIC = NO;
				GCC_NO_COMMON_BLOCKS = YES;
				GCC_OPTIMIZATION_LEVEL = 0;
				GCC_PREPROCESSOR_DEFINITIONS = (
					"DEBUG=1",
					"$(inherited)",
				);
				GCC_WARN_64_TO_32_BIT_CONVERSION = YES;
				GCC_WARN_ABOUT_RETURN_TYPE = YES_ERROR;
				GCC_WARN_UNDECLARED_SELECTOR = YES;
				GCC_WARN_UNINITIALIZED_AUTOS = YES_AGGRESSIVE;
				GCC_WARN_UNUSED_FUNCTION = YES;
				GCC_WARN_UNUSED_VARIABLE = YES;
				IPHONEOS_DEPLOYMENT_TARGET = 16.2;
				MTL_ENABLE_DEBUG_INFO = INCLUDE_SOURCE;
				MTL_FAST_MATH = YES;
				ONLY_ACTIVE_ARCH = YES;
				SDKROOT = iphoneos;
				SWIFT_ACTIVE_COMPILATION_CONDITIONS = DEBUG;
				SWIFT_OPTIMIZATION_LEVEL = "-Onone";
			};
			name = Debug;
		};
		82270F2C29F81344005705CE /* Release */ = {
			isa = XCBuildConfiguration;
			buildSettings = {
				ALWAYS_SEARCH_USER_PATHS = NO;
				CLANG_ANALYZER_NONNULL = YES;
				CLANG_ANALYZER_NUMBER_OBJECT_CONVERSION = YES_AGGRESSIVE;
				CLANG_CXX_LANGUAGE_STANDARD = "gnu++20";
				CLANG_ENABLE_MODULES = YES;
				CLANG_ENABLE_OBJC_ARC = YES;
				CLANG_ENABLE_OBJC_WEAK = YES;
				CLANG_WARN_BLOCK_CAPTURE_AUTORELEASING = YES;
				CLANG_WARN_BOOL_CONVERSION = YES;
				CLANG_WARN_COMMA = YES;
				CLANG_WARN_CONSTANT_CONVERSION = YES;
				CLANG_WARN_DEPRECATED_OBJC_IMPLEMENTATIONS = YES;
				CLANG_WARN_DIRECT_OBJC_ISA_USAGE = YES_ERROR;
				CLANG_WARN_DOCUMENTATION_COMMENTS = YES;
				CLANG_WARN_EMPTY_BODY = YES;
				CLANG_WARN_ENUM_CONVERSION = YES;
				CLANG_WARN_INFINITE_RECURSION = YES;
				CLANG_WARN_INT_CONVERSION = YES;
				CLANG_WARN_NON_LITERAL_NULL_CONVERSION = YES;
				CLANG_WARN_OBJC_IMPLICIT_RETAIN_SELF = YES;
				CLANG_WARN_OBJC_LITERAL_CONVERSION = YES;
				CLANG_WARN_OBJC_ROOT_CLASS = YES_ERROR;
				CLANG_WARN_QUOTED_INCLUDE_IN_FRAMEWORK_HEADER = YES;
				CLANG_WARN_RANGE_LOOP_ANALYSIS = YES;
				CLANG_WARN_STRICT_PROTOTYPES = YES;
				CLANG_WARN_SUSPICIOUS_MOVE = YES;
				CLANG_WARN_UNGUARDED_AVAILABILITY = YES_AGGRESSIVE;
				CLANG_WARN_UNREACHABLE_CODE = YES;
				CLANG_WARN__DUPLICATE_METHOD_MATCH = YES;
				COPY_PHASE_STRIP = NO;
				DEBUG_INFORMATION_FORMAT = "dwarf-with-dsym";
				ENABLE_NS_ASSERTIONS = NO;
				ENABLE_STRICT_OBJC_MSGSEND = YES;
				GCC_C_LANGUAGE_STANDARD = gnu11;
				GCC_NO_COMMON_BLOCKS = YES;
				GCC_WARN_64_TO_32_BIT_CONVERSION = YES;
				GCC_WARN_ABOUT_RETURN_TYPE = YES_ERROR;
				GCC_WARN_UNDECLARED_SELECTOR = YES;
				GCC_WARN_UNINITIALIZED_AUTOS = YES_AGGRESSIVE;
				GCC_WARN_UNUSED_FUNCTION = YES;
				GCC_WARN_UNUSED_VARIABLE = YES;
				IPHONEOS_DEPLOYMENT_TARGET = 16.2;
				MTL_ENABLE_DEBUG_INFO = NO;
				MTL_FAST_MATH = YES;
				SDKROOT = iphoneos;
				SWIFT_COMPILATION_MODE = wholemodule;
				SWIFT_OPTIMIZATION_LEVEL = "-O";
				VALIDATE_PRODUCT = YES;
			};
			name = Release;
		};
		82270F2E29F81344005705CE /* Debug */ = {
			isa = XCBuildConfiguration;
			buildSettings = {
				ASSETCATALOG_COMPILER_APPICON_NAME = AppIcon;
				ASSETCATALOG_COMPILER_GLOBAL_ACCENT_COLOR_NAME = AccentColor;
				CODE_SIGN_STYLE = Automatic;
				CURRENT_PROJECT_VERSION = 1;
				DEVELOPMENT_TEAM = 6D2849K6LE;
				GENERATE_INFOPLIST_FILE = YES;
				INFOPLIST_FILE = PlanetsApp/Info.plist;
				INFOPLIST_KEY_UIApplicationSupportsIndirectInputEvents = YES;
				INFOPLIST_KEY_UILaunchStoryboardName = LaunchScreen;
				INFOPLIST_KEY_UIMainStoryboardFile = Main;
				INFOPLIST_KEY_UISupportedInterfaceOrientations_iPad = "UIInterfaceOrientationPortrait UIInterfaceOrientationPortraitUpsideDown UIInterfaceOrientationLandscapeLeft UIInterfaceOrientationLandscapeRight";
				INFOPLIST_KEY_UISupportedInterfaceOrientations_iPhone = "UIInterfaceOrientationPortrait UIInterfaceOrientationLandscapeLeft UIInterfaceOrientationLandscapeRight";
				LD_RUNPATH_SEARCH_PATHS = (
					"$(inherited)",
					"@executable_path/Frameworks",
				);
				MARKETING_VERSION = 1.0;
				PRODUCT_BUNDLE_IDENTIFIER = com.mdSolutions.PlanetsApp;
				PRODUCT_NAME = "$(TARGET_NAME)";
				SWIFT_EMIT_LOC_STRINGS = YES;
				SWIFT_VERSION = 5.0;
				TARGETED_DEVICE_FAMILY = "1,2";
			};
			name = Debug;
		};
		82270F2F29F81344005705CE /* Release */ = {
			isa = XCBuildConfiguration;
			buildSettings = {
				ASSETCATALOG_COMPILER_APPICON_NAME = AppIcon;
				ASSETCATALOG_COMPILER_GLOBAL_ACCENT_COLOR_NAME = AccentColor;
				CODE_SIGN_STYLE = Automatic;
				CURRENT_PROJECT_VERSION = 1;
				DEVELOPMENT_TEAM = 6D2849K6LE;
				GENERATE_INFOPLIST_FILE = YES;
				INFOPLIST_FILE = PlanetsApp/Info.plist;
				INFOPLIST_KEY_UIApplicationSupportsIndirectInputEvents = YES;
				INFOPLIST_KEY_UILaunchStoryboardName = LaunchScreen;
				INFOPLIST_KEY_UIMainStoryboardFile = Main;
				INFOPLIST_KEY_UISupportedInterfaceOrientations_iPad = "UIInterfaceOrientationPortrait UIInterfaceOrientationPortraitUpsideDown UIInterfaceOrientationLandscapeLeft UIInterfaceOrientationLandscapeRight";
				INFOPLIST_KEY_UISupportedInterfaceOrientations_iPhone = "UIInterfaceOrientationPortrait UIInterfaceOrientationLandscapeLeft UIInterfaceOrientationLandscapeRight";
				LD_RUNPATH_SEARCH_PATHS = (
					"$(inherited)",
					"@executable_path/Frameworks",
				);
				MARKETING_VERSION = 1.0;
				PRODUCT_BUNDLE_IDENTIFIER = com.mdSolutions.PlanetsApp;
				PRODUCT_NAME = "$(TARGET_NAME)";
				SWIFT_EMIT_LOC_STRINGS = YES;
				SWIFT_VERSION = 5.0;
				TARGETED_DEVICE_FAMILY = "1,2";
			};
			name = Release;
		};
/* End XCBuildConfiguration section */

/* Begin XCConfigurationList section */
		82270F1429F81342005705CE /* Build configuration list for PBXProject "PlanetsApp" */ = {
			isa = XCConfigurationList;
			buildConfigurations = (
				82270F2B29F81344005705CE /* Debug */,
				82270F2C29F81344005705CE /* Release */,
			);
			defaultConfigurationIsVisible = 0;
			defaultConfigurationName = Release;
		};
		82270F2D29F81344005705CE /* Build configuration list for PBXNativeTarget "PlanetsApp" */ = {
			isa = XCConfigurationList;
			buildConfigurations = (
				82270F2E29F81344005705CE /* Debug */,
				82270F2F29F81344005705CE /* Release */,
			);
			defaultConfigurationIsVisible = 0;
			defaultConfigurationName = Release;
		};
/* End XCConfigurationList section */
	};
	rootObject = 82270F1129F81342005705CE /* Project object */;
}
