// !$*UTF8*$!
{
	archiveVersion = 1;
	classes = {
	};
	objectVersion = 56;
	objects = {

/* Begin PBXBuildFile section */
		8246DC1F29F0620B00E00954 /* StorePlanetsTests.swift in Sources */ = {isa = PBXBuildFile; fileRef = 8246DC1E29F0620B00E00954 /* StorePlanetsTests.swift */; };
		8246DC2129F0716E00E00954 /* LoadPlanetsFromStoreTests.swift in Sources */ = {isa = PBXBuildFile; fileRef = 8246DC2029F0716E00E00954 /* LoadPlanetsFromStoreTests.swift */; };
		8246DC2529F072B600E00954 /* LocalPlanetsLoader.swift in Sources */ = {isa = PBXBuildFile; fileRef = 8246DC2429F072B600E00954 /* LocalPlanetsLoader.swift */; };
		8246DC2729F072EA00E00954 /* PlanetsStore.swift in Sources */ = {isa = PBXBuildFile; fileRef = 8246DC2629F072EA00E00954 /* PlanetsStore.swift */; };
		826BFC9129F3ED4900B943F0 /* CoreDataPlanetsStore.swift in Sources */ = {isa = PBXBuildFile; fileRef = 826BFC9029F3ED4900B943F0 /* CoreDataPlanetsStore.swift */; };
		826BFC9929F43FF600B943F0 /* PlanetsCacheIntegrationTests.swift in Sources */ = {isa = PBXBuildFile; fileRef = 826BFC9829F43FF600B943F0 /* PlanetsCacheIntegrationTests.swift */; };
		826BFC9A29F43FF600B943F0 /* CorePlanets.framework in Frameworks */ = {isa = PBXBuildFile; fileRef = 828C2B1629EF1980007A728B /* CorePlanets.framework */; };
		826BFCA029F441C200B943F0 /* XCTestCase+MemoryLeakTracking.swift in Sources */ = {isa = PBXBuildFile; fileRef = 828C2AF629EF05A4007A728B /* XCTestCase+MemoryLeakTracking.swift */; };
		826BFCA129F4428700B943F0 /* PlanetsStoreTestHelpers.swift in Sources */ = {isa = PBXBuildFile; fileRef = 829C8DE729F19501007D5042 /* PlanetsStoreTestHelpers.swift */; };
		828C2AD329EEF407007A728B /* AppDelegate.swift in Sources */ = {isa = PBXBuildFile; fileRef = 828C2AD229EEF407007A728B /* AppDelegate.swift */; };
		828C2AD529EEF407007A728B /* SceneDelegate.swift in Sources */ = {isa = PBXBuildFile; fileRef = 828C2AD429EEF407007A728B /* SceneDelegate.swift */; };
		828C2AD729EEF407007A728B /* ViewController.swift in Sources */ = {isa = PBXBuildFile; fileRef = 828C2AD629EEF407007A728B /* ViewController.swift */; };
		828C2ADA29EEF407007A728B /* Main.storyboard in Resources */ = {isa = PBXBuildFile; fileRef = 828C2AD829EEF407007A728B /* Main.storyboard */; };
		828C2ADC29EEF409007A728B /* Assets.xcassets in Resources */ = {isa = PBXBuildFile; fileRef = 828C2ADB29EEF409007A728B /* Assets.xcassets */; };
		828C2ADF29EEF409007A728B /* LaunchScreen.storyboard in Resources */ = {isa = PBXBuildFile; fileRef = 828C2ADD29EEF409007A728B /* LaunchScreen.storyboard */; };
		828C2B1E29EF1980007A728B /* CorePlanets.framework in Frameworks */ = {isa = PBXBuildFile; fileRef = 828C2B1629EF1980007A728B /* CorePlanets.framework */; };
		828C2B2B29EF1997007A728B /* HTTPClient.swift in Sources */ = {isa = PBXBuildFile; fileRef = 828C2AFA29EF0669007A728B /* HTTPClient.swift */; };
		828C2B2C29EF1997007A728B /* PlanetsLoader.swift in Sources */ = {isa = PBXBuildFile; fileRef = 828C2AFD29EF06B5007A728B /* PlanetsLoader.swift */; };
		828C2B2D29EF1997007A728B /* Planet.swift in Sources */ = {isa = PBXBuildFile; fileRef = 828C2AFC29EF06B5007A728B /* Planet.swift */; };
		828C2B2E29EF1997007A728B /* RemotePlanetsLoader.swift in Sources */ = {isa = PBXBuildFile; fileRef = 828C2AF829EF0619007A728B /* RemotePlanetsLoader.swift */; };
		828C2B2F29EF1997007A728B /* URLSessionHTTPClient.swift in Sources */ = {isa = PBXBuildFile; fileRef = 828C2B0429EF0FA5007A728B /* URLSessionHTTPClient.swift */; };
		828C2B3029EF1997007A728B /* PlanetsMapper.swift in Sources */ = {isa = PBXBuildFile; fileRef = 828C2B0029EF0740007A728B /* PlanetsMapper.swift */; };
		828C2B3129EF19D0007A728B /* RemotePlanetsLoaderTests.swift in Sources */ = {isa = PBXBuildFile; fileRef = 828C2AF329EEF481007A728B /* RemotePlanetsLoaderTests.swift */; };
		828C2B3229EF19D3007A728B /* URLSessionHTTPClientTests.swift in Sources */ = {isa = PBXBuildFile; fileRef = 828C2B0229EF0F7C007A728B /* URLSessionHTTPClientTests.swift */; };
		828C2B3329EF19DA007A728B /* XCTestCase+MemoryLeakTracking.swift in Sources */ = {isa = PBXBuildFile; fileRef = 828C2AF629EF05A4007A728B /* XCTestCase+MemoryLeakTracking.swift */; };
		828C2B3B29EF1E9A007A728B /* PlanetsAPIEndToEndTests.swift in Sources */ = {isa = PBXBuildFile; fileRef = 828C2B3A29EF1E9A007A728B /* PlanetsAPIEndToEndTests.swift */; };
		828C2B3C29EF1E9A007A728B /* CorePlanets.framework in Frameworks */ = {isa = PBXBuildFile; fileRef = 828C2B1629EF1980007A728B /* CorePlanets.framework */; };
		828C2B4229EF227A007A728B /* XCTestCase+MemoryLeakTracking.swift in Sources */ = {isa = PBXBuildFile; fileRef = 828C2AF629EF05A4007A728B /* XCTestCase+MemoryLeakTracking.swift */; };
		829C8DE429F19189007D5042 /* PlanetStoreSpecs.swift in Sources */ = {isa = PBXBuildFile; fileRef = 829C8DE329F19189007D5042 /* PlanetStoreSpecs.swift */; };
		829C8DE629F19240007D5042 /* XCTestCase+FeedStoreSpecs.swift in Sources */ = {isa = PBXBuildFile; fileRef = 829C8DE529F19240007D5042 /* XCTestCase+FeedStoreSpecs.swift */; };
		829C8DE829F19501007D5042 /* PlanetsStoreTestHelpers.swift in Sources */ = {isa = PBXBuildFile; fileRef = 829C8DE729F19501007D5042 /* PlanetsStoreTestHelpers.swift */; };
		829C8DEC29F197BE007D5042 /* XCTestCase+FailableRetrievePlanetsStoreSpecs.swift in Sources */ = {isa = PBXBuildFile; fileRef = 829C8DEB29F197BE007D5042 /* XCTestCase+FailableRetrievePlanetsStoreSpecs.swift */; };
		829C8DEF29F1981F007D5042 /* XCTestCase+FailableInsertPlanetsStoreSpecs.swift in Sources */ = {isa = PBXBuildFile; fileRef = 829C8DEE29F1981F007D5042 /* XCTestCase+FailableInsertPlanetsStoreSpecs.swift */; };
		829C8DF129F19831007D5042 /* XCTestCase+FailableDeletePlanetsStoreSpecs.swift in Sources */ = {isa = PBXBuildFile; fileRef = 829C8DF029F19831007D5042 /* XCTestCase+FailableDeletePlanetsStoreSpecs.swift */; };
		829C8DF329F2845E007D5042 /* CoreDataPlanetsStoreTests.swift in Sources */ = {isa = PBXBuildFile; fileRef = 829C8DF229F2845E007D5042 /* CoreDataPlanetsStoreTests.swift */; };
		829C8DF929F28AD5007D5042 /* PlanetsCache.xcdatamodeld in Sources */ = {isa = PBXBuildFile; fileRef = 829C8DF729F28AD5007D5042 /* PlanetsCache.xcdatamodeld */; };
		829C8DFB29F28C8A007D5042 /* CoreDataHelpers.swift in Sources */ = {isa = PBXBuildFile; fileRef = 829C8DFA29F28C8A007D5042 /* CoreDataHelpers.swift */; };
		829C8DFD29F296A6007D5042 /* ManagedCache.swift in Sources */ = {isa = PBXBuildFile; fileRef = 829C8DFC29F296A6007D5042 /* ManagedCache.swift */; };
		829C8DFF29F29846007D5042 /* ManagedPlanet.swift in Sources */ = {isa = PBXBuildFile; fileRef = 829C8DFE29F29846007D5042 /* ManagedPlanet.swift */; };
		82A4EC2929F11ECC00CBD4D7 /* CodablePlanetsStoreTests.swift in Sources */ = {isa = PBXBuildFile; fileRef = 82A4EC2829F11ECC00CBD4D7 /* CodablePlanetsStoreTests.swift */; };
		82A4EC2C29F1502F00CBD4D7 /* LocalPlanet.swift in Sources */ = {isa = PBXBuildFile; fileRef = 82A4EC2B29F1502F00CBD4D7 /* LocalPlanet.swift */; };
		82A4EC2F29F1819B00CBD4D7 /* CodablePlanetsStore.swift in Sources */ = {isa = PBXBuildFile; fileRef = 82A4EC2E29F1819B00CBD4D7 /* CodablePlanetsStore.swift */; };
/* End PBXBuildFile section */

/* Begin PBXContainerItemProxy section */
		826BFC9B29F43FF600B943F0 /* PBXContainerItemProxy */ = {
			isa = PBXContainerItemProxy;
			containerPortal = 828C2AC729EEF407007A728B /* Project object */;
			proxyType = 1;
			remoteGlobalIDString = 828C2B1529EF1980007A728B;
			remoteInfo = CorePlanets;
		};
		828C2B1F29EF1980007A728B /* PBXContainerItemProxy */ = {
			isa = PBXContainerItemProxy;
			containerPortal = 828C2AC729EEF407007A728B /* Project object */;
			proxyType = 1;
			remoteGlobalIDString = 828C2B1529EF1980007A728B;
			remoteInfo = CorePlanets;
		};
		828C2B3D29EF1E9A007A728B /* PBXContainerItemProxy */ = {
			isa = PBXContainerItemProxy;
			containerPortal = 828C2AC729EEF407007A728B /* Project object */;
			proxyType = 1;
			remoteGlobalIDString = 828C2B1529EF1980007A728B;
			remoteInfo = CorePlanets;
		};
/* End PBXContainerItemProxy section */

/* Begin PBXFileReference section */
		8246DC1E29F0620B00E00954 /* StorePlanetsTests.swift */ = {isa = PBXFileReference; lastKnownFileType = sourcecode.swift; path = StorePlanetsTests.swift; sourceTree = "<group>"; };
		8246DC2029F0716E00E00954 /* LoadPlanetsFromStoreTests.swift */ = {isa = PBXFileReference; lastKnownFileType = sourcecode.swift; path = LoadPlanetsFromStoreTests.swift; sourceTree = "<group>"; };
		8246DC2429F072B600E00954 /* LocalPlanetsLoader.swift */ = {isa = PBXFileReference; lastKnownFileType = sourcecode.swift; path = LocalPlanetsLoader.swift; sourceTree = "<group>"; };
		8246DC2629F072EA00E00954 /* PlanetsStore.swift */ = {isa = PBXFileReference; lastKnownFileType = sourcecode.swift; path = PlanetsStore.swift; sourceTree = "<group>"; };
		826BFC9029F3ED4900B943F0 /* CoreDataPlanetsStore.swift */ = {isa = PBXFileReference; lastKnownFileType = sourcecode.swift; path = CoreDataPlanetsStore.swift; sourceTree = "<group>"; };
		826BFC9629F43FF600B943F0 /* PlanetsCacheIntegrationTests.xctest */ = {isa = PBXFileReference; explicitFileType = wrapper.cfbundle; includeInIndex = 0; path = PlanetsCacheIntegrationTests.xctest; sourceTree = BUILT_PRODUCTS_DIR; };
		826BFC9829F43FF600B943F0 /* PlanetsCacheIntegrationTests.swift */ = {isa = PBXFileReference; lastKnownFileType = sourcecode.swift; path = PlanetsCacheIntegrationTests.swift; sourceTree = "<group>"; };
		828C2ACF29EEF407007A728B /* Planets.app */ = {isa = PBXFileReference; explicitFileType = wrapper.application; includeInIndex = 0; path = Planets.app; sourceTree = BUILT_PRODUCTS_DIR; };
		828C2AD229EEF407007A728B /* AppDelegate.swift */ = {isa = PBXFileReference; lastKnownFileType = sourcecode.swift; path = AppDelegate.swift; sourceTree = "<group>"; };
		828C2AD429EEF407007A728B /* SceneDelegate.swift */ = {isa = PBXFileReference; lastKnownFileType = sourcecode.swift; path = SceneDelegate.swift; sourceTree = "<group>"; };
		828C2AD629EEF407007A728B /* ViewController.swift */ = {isa = PBXFileReference; lastKnownFileType = sourcecode.swift; path = ViewController.swift; sourceTree = "<group>"; };
		828C2AD929EEF407007A728B /* Base */ = {isa = PBXFileReference; lastKnownFileType = file.storyboard; name = Base; path = Base.lproj/Main.storyboard; sourceTree = "<group>"; };
		828C2ADB29EEF409007A728B /* Assets.xcassets */ = {isa = PBXFileReference; lastKnownFileType = folder.assetcatalog; path = Assets.xcassets; sourceTree = "<group>"; };
		828C2ADE29EEF409007A728B /* Base */ = {isa = PBXFileReference; lastKnownFileType = file.storyboard; name = Base; path = Base.lproj/LaunchScreen.storyboard; sourceTree = "<group>"; };
		828C2AE029EEF409007A728B /* Info.plist */ = {isa = PBXFileReference; lastKnownFileType = text.plist.xml; path = Info.plist; sourceTree = "<group>"; };
		828C2AF329EEF481007A728B /* RemotePlanetsLoaderTests.swift */ = {isa = PBXFileReference; lastKnownFileType = sourcecode.swift; path = RemotePlanetsLoaderTests.swift; sourceTree = "<group>"; };
		828C2AF629EF05A4007A728B /* XCTestCase+MemoryLeakTracking.swift */ = {isa = PBXFileReference; fileEncoding = 4; lastKnownFileType = sourcecode.swift; path = "XCTestCase+MemoryLeakTracking.swift"; sourceTree = "<group>"; };
		828C2AF829EF0619007A728B /* RemotePlanetsLoader.swift */ = {isa = PBXFileReference; fileEncoding = 4; lastKnownFileType = sourcecode.swift; path = RemotePlanetsLoader.swift; sourceTree = "<group>"; };
		828C2AFA29EF0669007A728B /* HTTPClient.swift */ = {isa = PBXFileReference; fileEncoding = 4; lastKnownFileType = sourcecode.swift; path = HTTPClient.swift; sourceTree = "<group>"; };
		828C2AFC29EF06B5007A728B /* Planet.swift */ = {isa = PBXFileReference; fileEncoding = 4; lastKnownFileType = sourcecode.swift; path = Planet.swift; sourceTree = "<group>"; };
		828C2AFD29EF06B5007A728B /* PlanetsLoader.swift */ = {isa = PBXFileReference; fileEncoding = 4; lastKnownFileType = sourcecode.swift; path = PlanetsLoader.swift; sourceTree = "<group>"; };
		828C2B0029EF0740007A728B /* PlanetsMapper.swift */ = {isa = PBXFileReference; fileEncoding = 4; lastKnownFileType = sourcecode.swift; path = PlanetsMapper.swift; sourceTree = "<group>"; };
		828C2B0229EF0F7C007A728B /* URLSessionHTTPClientTests.swift */ = {isa = PBXFileReference; fileEncoding = 4; lastKnownFileType = sourcecode.swift; path = URLSessionHTTPClientTests.swift; sourceTree = "<group>"; };
		828C2B0429EF0FA5007A728B /* URLSessionHTTPClient.swift */ = {isa = PBXFileReference; fileEncoding = 4; lastKnownFileType = sourcecode.swift; path = URLSessionHTTPClient.swift; sourceTree = "<group>"; };
		828C2B1629EF1980007A728B /* CorePlanets.framework */ = {isa = PBXFileReference; explicitFileType = wrapper.framework; includeInIndex = 0; path = CorePlanets.framework; sourceTree = BUILT_PRODUCTS_DIR; };
		828C2B1D29EF1980007A728B /* CorePlanetsTests.xctest */ = {isa = PBXFileReference; explicitFileType = wrapper.cfbundle; includeInIndex = 0; path = CorePlanetsTests.xctest; sourceTree = BUILT_PRODUCTS_DIR; };
		828C2B3829EF1E9A007A728B /* PlanetsAPIEndToEndTests.xctest */ = {isa = PBXFileReference; explicitFileType = wrapper.cfbundle; includeInIndex = 0; path = PlanetsAPIEndToEndTests.xctest; sourceTree = BUILT_PRODUCTS_DIR; };
		828C2B3A29EF1E9A007A728B /* PlanetsAPIEndToEndTests.swift */ = {isa = PBXFileReference; lastKnownFileType = sourcecode.swift; path = PlanetsAPIEndToEndTests.swift; sourceTree = "<group>"; };
		829C8DE329F19189007D5042 /* PlanetStoreSpecs.swift */ = {isa = PBXFileReference; lastKnownFileType = sourcecode.swift; path = PlanetStoreSpecs.swift; sourceTree = "<group>"; };
		829C8DE529F19240007D5042 /* XCTestCase+FeedStoreSpecs.swift */ = {isa = PBXFileReference; lastKnownFileType = sourcecode.swift; path = "XCTestCase+FeedStoreSpecs.swift"; sourceTree = "<group>"; };
		829C8DE729F19501007D5042 /* PlanetsStoreTestHelpers.swift */ = {isa = PBXFileReference; lastKnownFileType = sourcecode.swift; path = PlanetsStoreTestHelpers.swift; sourceTree = "<group>"; };
		829C8DEB29F197BE007D5042 /* XCTestCase+FailableRetrievePlanetsStoreSpecs.swift */ = {isa = PBXFileReference; lastKnownFileType = sourcecode.swift; path = "XCTestCase+FailableRetrievePlanetsStoreSpecs.swift"; sourceTree = "<group>"; };
		829C8DEE29F1981F007D5042 /* XCTestCase+FailableInsertPlanetsStoreSpecs.swift */ = {isa = PBXFileReference; lastKnownFileType = sourcecode.swift; path = "XCTestCase+FailableInsertPlanetsStoreSpecs.swift"; sourceTree = "<group>"; };
		829C8DF029F19831007D5042 /* XCTestCase+FailableDeletePlanetsStoreSpecs.swift */ = {isa = PBXFileReference; lastKnownFileType = sourcecode.swift; path = "XCTestCase+FailableDeletePlanetsStoreSpecs.swift"; sourceTree = "<group>"; };
		829C8DF229F2845E007D5042 /* CoreDataPlanetsStoreTests.swift */ = {isa = PBXFileReference; lastKnownFileType = sourcecode.swift; path = CoreDataPlanetsStoreTests.swift; sourceTree = "<group>"; };
		829C8DF829F28AD5007D5042 /* PlanetsCache.xcdatamodel */ = {isa = PBXFileReference; lastKnownFileType = wrapper.xcdatamodel; path = PlanetsCache.xcdatamodel; sourceTree = "<group>"; };
		829C8DFA29F28C8A007D5042 /* CoreDataHelpers.swift */ = {isa = PBXFileReference; lastKnownFileType = sourcecode.swift; path = CoreDataHelpers.swift; sourceTree = "<group>"; };
		829C8DFC29F296A6007D5042 /* ManagedCache.swift */ = {isa = PBXFileReference; fileEncoding = 4; lastKnownFileType = sourcecode.swift; path = ManagedCache.swift; sourceTree = "<group>"; };
		829C8DFE29F29846007D5042 /* ManagedPlanet.swift */ = {isa = PBXFileReference; lastKnownFileType = sourcecode.swift; path = ManagedPlanet.swift; sourceTree = "<group>"; };
		82A4EC2829F11ECC00CBD4D7 /* CodablePlanetsStoreTests.swift */ = {isa = PBXFileReference; lastKnownFileType = sourcecode.swift; path = CodablePlanetsStoreTests.swift; sourceTree = "<group>"; };
		82A4EC2B29F1502F00CBD4D7 /* LocalPlanet.swift */ = {isa = PBXFileReference; lastKnownFileType = sourcecode.swift; path = LocalPlanet.swift; sourceTree = "<group>"; };
		82A4EC2E29F1819B00CBD4D7 /* CodablePlanetsStore.swift */ = {isa = PBXFileReference; lastKnownFileType = sourcecode.swift; path = CodablePlanetsStore.swift; sourceTree = "<group>"; };
/* End PBXFileReference section */

/* Begin PBXFrameworksBuildPhase section */
		826BFC9329F43FF600B943F0 /* Frameworks */ = {
			isa = PBXFrameworksBuildPhase;
			buildActionMask = 2147483647;
			files = (
				826BFC9A29F43FF600B943F0 /* CorePlanets.framework in Frameworks */,
			);
			runOnlyForDeploymentPostprocessing = 0;
		};
		828C2ACC29EEF407007A728B /* Frameworks */ = {
			isa = PBXFrameworksBuildPhase;
			buildActionMask = 2147483647;
			files = (
			);
			runOnlyForDeploymentPostprocessing = 0;
		};
		828C2B1329EF1980007A728B /* Frameworks */ = {
			isa = PBXFrameworksBuildPhase;
			buildActionMask = 2147483647;
			files = (
			);
			runOnlyForDeploymentPostprocessing = 0;
		};
		828C2B1A29EF1980007A728B /* Frameworks */ = {
			isa = PBXFrameworksBuildPhase;
			buildActionMask = 2147483647;
			files = (
				828C2B1E29EF1980007A728B /* CorePlanets.framework in Frameworks */,
			);
			runOnlyForDeploymentPostprocessing = 0;
		};
		828C2B3529EF1E9A007A728B /* Frameworks */ = {
			isa = PBXFrameworksBuildPhase;
			buildActionMask = 2147483647;
			files = (
				828C2B3C29EF1E9A007A728B /* CorePlanets.framework in Frameworks */,
			);
			runOnlyForDeploymentPostprocessing = 0;
		};
/* End PBXFrameworksBuildPhase section */

/* Begin PBXGroup section */
		826BFC9729F43FF600B943F0 /* PlanetsCacheIntegrationTests */ = {
			isa = PBXGroup;
			children = (
				826BFC9829F43FF600B943F0 /* PlanetsCacheIntegrationTests.swift */,
			);
			path = PlanetsCacheIntegrationTests;
			sourceTree = "<group>";
		};
		828C2AC629EEF407007A728B = {
			isa = PBXGroup;
			children = (
				828C2AD129EEF407007A728B /* Planets */,
				828C2B1729EF1980007A728B /* CorePlanets */,
				828C2B2129EF1981007A728B /* CorePlanetsTests */,
				828C2B3929EF1E9A007A728B /* PlanetsAPIEndToEndTests */,
				826BFC9729F43FF600B943F0 /* PlanetsCacheIntegrationTests */,
				828C2AD029EEF407007A728B /* Products */,
			);
			sourceTree = "<group>";
		};
		828C2AD029EEF407007A728B /* Products */ = {
			isa = PBXGroup;
			children = (
				828C2ACF29EEF407007A728B /* Planets.app */,
				828C2B1629EF1980007A728B /* CorePlanets.framework */,
				828C2B1D29EF1980007A728B /* CorePlanetsTests.xctest */,
				828C2B3829EF1E9A007A728B /* PlanetsAPIEndToEndTests.xctest */,
				826BFC9629F43FF600B943F0 /* PlanetsCacheIntegrationTests.xctest */,
			);
			name = Products;
			sourceTree = "<group>";
		};
		828C2AD129EEF407007A728B /* Planets */ = {
			isa = PBXGroup;
			children = (
				828C2AD229EEF407007A728B /* AppDelegate.swift */,
				828C2AD429EEF407007A728B /* SceneDelegate.swift */,
				828C2AD629EEF407007A728B /* ViewController.swift */,
				828C2AD829EEF407007A728B /* Main.storyboard */,
				828C2ADB29EEF409007A728B /* Assets.xcassets */,
				828C2ADD29EEF409007A728B /* LaunchScreen.storyboard */,
				828C2AE029EEF409007A728B /* Info.plist */,
			);
			path = Planets;
			sourceTree = "<group>";
		};
		828C2AF529EF05A4007A728B /* Helpers */ = {
			isa = PBXGroup;
			children = (
				828C2AF629EF05A4007A728B /* XCTestCase+MemoryLeakTracking.swift */,
			);
			path = Helpers;
			sourceTree = "<group>";
		};
		828C2B1729EF1980007A728B /* CorePlanets */ = {
			isa = PBXGroup;
			children = (
				828C2AFC29EF06B5007A728B /* Planet.swift */,
				828C2AFD29EF06B5007A728B /* PlanetsLoader.swift */,
				82A4EC2D29F156BC00CBD4D7 /* Planets API */,
				82A4EC2A29F14FFB00CBD4D7 /* PLanets Cache */,
			);
			path = CorePlanets;
			sourceTree = "<group>";
		};
		828C2B2129EF1981007A728B /* CorePlanetsTests */ = {
			isa = PBXGroup;
			children = (
				829C8DEA29F196A4007D5042 /* Planets API */,
				828C2AF529EF05A4007A728B /* Helpers */,
				82A4EC2729F11E2700CBD4D7 /* Planets Cache */,
			);
			path = CorePlanetsTests;
			sourceTree = "<group>";
		};
		828C2B3929EF1E9A007A728B /* PlanetsAPIEndToEndTests */ = {
			isa = PBXGroup;
			children = (
				828C2B3A29EF1E9A007A728B /* PlanetsAPIEndToEndTests.swift */,
			);
			path = PlanetsAPIEndToEndTests;
			sourceTree = "<group>";
		};
		829C8DE929F1962A007D5042 /* Helpers */ = {
			isa = PBXGroup;
			children = (
				829C8DE729F19501007D5042 /* PlanetsStoreTestHelpers.swift */,
			);
			path = Helpers;
			sourceTree = "<group>";
		};
		829C8DEA29F196A4007D5042 /* Planets API */ = {
			isa = PBXGroup;
			children = (
				828C2AF329EEF481007A728B /* RemotePlanetsLoaderTests.swift */,
				828C2B0229EF0F7C007A728B /* URLSessionHTTPClientTests.swift */,
			);
			path = "Planets API";
			sourceTree = "<group>";
		};
		829C8DED29F197D0007D5042 /* PlanetsStoreSpecs */ = {
			isa = PBXGroup;
			children = (
				829C8DE329F19189007D5042 /* PlanetStoreSpecs.swift */,
				829C8DE529F19240007D5042 /* XCTestCase+FeedStoreSpecs.swift */,
				829C8DEB29F197BE007D5042 /* XCTestCase+FailableRetrievePlanetsStoreSpecs.swift */,
				829C8DEE29F1981F007D5042 /* XCTestCase+FailableInsertPlanetsStoreSpecs.swift */,
				829C8DF029F19831007D5042 /* XCTestCase+FailableDeletePlanetsStoreSpecs.swift */,
			);
			path = PlanetsStoreSpecs;
			sourceTree = "<group>";
		};
		829C8DF529F28AB8007D5042 /* Codable */ = {
			isa = PBXGroup;
			children = (
				82A4EC2E29F1819B00CBD4D7 /* CodablePlanetsStore.swift */,
			);
			path = Codable;
			sourceTree = "<group>";
		};
		829C8DF629F28AC3007D5042 /* CoreData */ = {
			isa = PBXGroup;
			children = (
				829C8DF729F28AD5007D5042 /* PlanetsCache.xcdatamodeld */,
				829C8DFA29F28C8A007D5042 /* CoreDataHelpers.swift */,
				829C8DFC29F296A6007D5042 /* ManagedCache.swift */,
				829C8DFE29F29846007D5042 /* ManagedPlanet.swift */,
				826BFC9029F3ED4900B943F0 /* CoreDataPlanetsStore.swift */,
			);
			path = CoreData;
			sourceTree = "<group>";
		};
		82A4EC2729F11E2700CBD4D7 /* Planets Cache */ = {
			isa = PBXGroup;
			children = (
				829C8DE929F1962A007D5042 /* Helpers */,
				829C8DED29F197D0007D5042 /* PlanetsStoreSpecs */,
				8246DC1E29F0620B00E00954 /* StorePlanetsTests.swift */,
				8246DC2029F0716E00E00954 /* LoadPlanetsFromStoreTests.swift */,
				82A4EC2829F11ECC00CBD4D7 /* CodablePlanetsStoreTests.swift */,
				829C8DF229F2845E007D5042 /* CoreDataPlanetsStoreTests.swift */,
			);
			path = "Planets Cache";
			sourceTree = "<group>";
		};
		82A4EC2A29F14FFB00CBD4D7 /* PLanets Cache */ = {
			isa = PBXGroup;
			children = (
				829C8DF629F28AC3007D5042 /* CoreData */,
				829C8DF529F28AB8007D5042 /* Codable */,
				8246DC2429F072B600E00954 /* LocalPlanetsLoader.swift */,
				8246DC2629F072EA00E00954 /* PlanetsStore.swift */,
				82A4EC2B29F1502F00CBD4D7 /* LocalPlanet.swift */,
			);
			path = "PLanets Cache";
			sourceTree = "<group>";
		};
		82A4EC2D29F156BC00CBD4D7 /* Planets API */ = {
			isa = PBXGroup;
			children = (
				828C2AFA29EF0669007A728B /* HTTPClient.swift */,
				828C2B0429EF0FA5007A728B /* URLSessionHTTPClient.swift */,
				828C2AF829EF0619007A728B /* RemotePlanetsLoader.swift */,
				828C2B0029EF0740007A728B /* PlanetsMapper.swift */,
			);
			path = "Planets API";
			sourceTree = "<group>";
		};
/* End PBXGroup section */

/* Begin PBXHeadersBuildPhase section */
		828C2B1129EF1980007A728B /* Headers */ = {
			isa = PBXHeadersBuildPhase;
			buildActionMask = 2147483647;
			files = (
			);
			runOnlyForDeploymentPostprocessing = 0;
		};
/* End PBXHeadersBuildPhase section */

/* Begin PBXNativeTarget section */
		826BFC9529F43FF600B943F0 /* PlanetsCacheIntegrationTests */ = {
			isa = PBXNativeTarget;
			buildConfigurationList = 826BFC9D29F43FF600B943F0 /* Build configuration list for PBXNativeTarget "PlanetsCacheIntegrationTests" */;
			buildPhases = (
				826BFC9229F43FF600B943F0 /* Sources */,
				826BFC9329F43FF600B943F0 /* Frameworks */,
				826BFC9429F43FF600B943F0 /* Resources */,
			);
			buildRules = (
			);
			dependencies = (
				826BFC9C29F43FF600B943F0 /* PBXTargetDependency */,
			);
			name = PlanetsCacheIntegrationTests;
			productName = PlanetsCacheIntegrationTests;
			productReference = 826BFC9629F43FF600B943F0 /* PlanetsCacheIntegrationTests.xctest */;
			productType = "com.apple.product-type.bundle.unit-test";
		};
		828C2ACE29EEF407007A728B /* Planets */ = {
			isa = PBXNativeTarget;
			buildConfigurationList = 828C2AE329EEF409007A728B /* Build configuration list for PBXNativeTarget "Planets" */;
			buildPhases = (
				828C2ACB29EEF407007A728B /* Sources */,
				828C2ACC29EEF407007A728B /* Frameworks */,
				828C2ACD29EEF407007A728B /* Resources */,
			);
			buildRules = (
			);
			dependencies = (
			);
			name = Planets;
			productName = Planets;
			productReference = 828C2ACF29EEF407007A728B /* Planets.app */;
			productType = "com.apple.product-type.application";
		};
		828C2B1529EF1980007A728B /* CorePlanets */ = {
			isa = PBXNativeTarget;
			buildConfigurationList = 828C2B2529EF1981007A728B /* Build configuration list for PBXNativeTarget "CorePlanets" */;
			buildPhases = (
				828C2B1129EF1980007A728B /* Headers */,
				828C2B1229EF1980007A728B /* Sources */,
				828C2B1329EF1980007A728B /* Frameworks */,
				828C2B1429EF1980007A728B /* Resources */,
			);
			buildRules = (
			);
			dependencies = (
			);
			name = CorePlanets;
			productName = CorePlanets;
			productReference = 828C2B1629EF1980007A728B /* CorePlanets.framework */;
			productType = "com.apple.product-type.framework";
		};
		828C2B1C29EF1980007A728B /* CorePlanetsTests */ = {
			isa = PBXNativeTarget;
			buildConfigurationList = 828C2B2829EF1981007A728B /* Build configuration list for PBXNativeTarget "CorePlanetsTests" */;
			buildPhases = (
				828C2B1929EF1980007A728B /* Sources */,
				828C2B1A29EF1980007A728B /* Frameworks */,
				828C2B1B29EF1980007A728B /* Resources */,
			);
			buildRules = (
			);
			dependencies = (
				828C2B2029EF1980007A728B /* PBXTargetDependency */,
			);
			name = CorePlanetsTests;
			productName = CorePlanetsTests;
			productReference = 828C2B1D29EF1980007A728B /* CorePlanetsTests.xctest */;
			productType = "com.apple.product-type.bundle.unit-test";
		};
		828C2B3729EF1E9A007A728B /* PlanetsAPIEndToEndTests */ = {
			isa = PBXNativeTarget;
			buildConfigurationList = 828C2B3F29EF1E9A007A728B /* Build configuration list for PBXNativeTarget "PlanetsAPIEndToEndTests" */;
			buildPhases = (
				828C2B3429EF1E9A007A728B /* Sources */,
				828C2B3529EF1E9A007A728B /* Frameworks */,
				828C2B3629EF1E9A007A728B /* Resources */,
			);
			buildRules = (
			);
			dependencies = (
				828C2B3E29EF1E9A007A728B /* PBXTargetDependency */,
			);
			name = PlanetsAPIEndToEndTests;
			productName = PlanetsAPIEndToEndTests;
			productReference = 828C2B3829EF1E9A007A728B /* PlanetsAPIEndToEndTests.xctest */;
			productType = "com.apple.product-type.bundle.unit-test";
		};
/* End PBXNativeTarget section */

/* Begin PBXProject section */
		828C2AC729EEF407007A728B /* Project object */ = {
			isa = PBXProject;
			attributes = {
				BuildIndependentTargetsInParallel = 1;
				LastSwiftUpdateCheck = 1420;
				LastUpgradeCheck = 1420;
				TargetAttributes = {
					826BFC9529F43FF600B943F0 = {
						CreatedOnToolsVersion = 14.2;
					};
					828C2ACE29EEF407007A728B = {
						CreatedOnToolsVersion = 14.2;
					};
					828C2B1529EF1980007A728B = {
						CreatedOnToolsVersion = 14.2;
					};
					828C2B1C29EF1980007A728B = {
						CreatedOnToolsVersion = 14.2;
					};
					828C2B3729EF1E9A007A728B = {
						CreatedOnToolsVersion = 14.2;
					};
				};
			};
			buildConfigurationList = 828C2ACA29EEF407007A728B /* Build configuration list for PBXProject "Planets" */;
			compatibilityVersion = "Xcode 14.0";
			developmentRegion = en;
			hasScannedForEncodings = 0;
			knownRegions = (
				en,
				Base,
			);
			mainGroup = 828C2AC629EEF407007A728B;
			productRefGroup = 828C2AD029EEF407007A728B /* Products */;
			projectDirPath = "";
			projectRoot = "";
			targets = (
				828C2ACE29EEF407007A728B /* Planets */,
				828C2B1529EF1980007A728B /* CorePlanets */,
				828C2B1C29EF1980007A728B /* CorePlanetsTests */,
				828C2B3729EF1E9A007A728B /* PlanetsAPIEndToEndTests */,
				826BFC9529F43FF600B943F0 /* PlanetsCacheIntegrationTests */,
			);
		};
/* End PBXProject section */

/* Begin PBXResourcesBuildPhase section */
		826BFC9429F43FF600B943F0 /* Resources */ = {
			isa = PBXResourcesBuildPhase;
			buildActionMask = 2147483647;
			files = (
			);
			runOnlyForDeploymentPostprocessing = 0;
		};
		828C2ACD29EEF407007A728B /* Resources */ = {
			isa = PBXResourcesBuildPhase;
			buildActionMask = 2147483647;
			files = (
				828C2ADF29EEF409007A728B /* LaunchScreen.storyboard in Resources */,
				828C2ADC29EEF409007A728B /* Assets.xcassets in Resources */,
				828C2ADA29EEF407007A728B /* Main.storyboard in Resources */,
			);
			runOnlyForDeploymentPostprocessing = 0;
		};
		828C2B1429EF1980007A728B /* Resources */ = {
			isa = PBXResourcesBuildPhase;
			buildActionMask = 2147483647;
			files = (
			);
			runOnlyForDeploymentPostprocessing = 0;
		};
		828C2B1B29EF1980007A728B /* Resources */ = {
			isa = PBXResourcesBuildPhase;
			buildActionMask = 2147483647;
			files = (
			);
			runOnlyForDeploymentPostprocessing = 0;
		};
		828C2B3629EF1E9A007A728B /* Resources */ = {
			isa = PBXResourcesBuildPhase;
			buildActionMask = 2147483647;
			files = (
			);
			runOnlyForDeploymentPostprocessing = 0;
		};
/* End PBXResourcesBuildPhase section */

/* Begin PBXSourcesBuildPhase section */
		826BFC9229F43FF600B943F0 /* Sources */ = {
			isa = PBXSourcesBuildPhase;
			buildActionMask = 2147483647;
			files = (
				826BFCA129F4428700B943F0 /* PlanetsStoreTestHelpers.swift in Sources */,
				826BFC9929F43FF600B943F0 /* PlanetsCacheIntegrationTests.swift in Sources */,
				826BFCA029F441C200B943F0 /* XCTestCase+MemoryLeakTracking.swift in Sources */,
			);
			runOnlyForDeploymentPostprocessing = 0;
		};
		828C2ACB29EEF407007A728B /* Sources */ = {
			isa = PBXSourcesBuildPhase;
			buildActionMask = 2147483647;
			files = (
				828C2AD729EEF407007A728B /* ViewController.swift in Sources */,
				828C2AD329EEF407007A728B /* AppDelegate.swift in Sources */,
				828C2AD529EEF407007A728B /* SceneDelegate.swift in Sources */,
			);
			runOnlyForDeploymentPostprocessing = 0;
		};
		828C2B1229EF1980007A728B /* Sources */ = {
			isa = PBXSourcesBuildPhase;
			buildActionMask = 2147483647;
			files = (
				82A4EC2F29F1819B00CBD4D7 /* CodablePlanetsStore.swift in Sources */,
				829C8DFF29F29846007D5042 /* ManagedPlanet.swift in Sources */,
				828C2B2D29EF1997007A728B /* Planet.swift in Sources */,
				8246DC2729F072EA00E00954 /* PlanetsStore.swift in Sources */,
				829C8DFD29F296A6007D5042 /* ManagedCache.swift in Sources */,
				828C2B2F29EF1997007A728B /* URLSessionHTTPClient.swift in Sources */,
				829C8DF929F28AD5007D5042 /* PlanetsCache.xcdatamodeld in Sources */,
				828C2B2C29EF1997007A728B /* PlanetsLoader.swift in Sources */,
				829C8DFB29F28C8A007D5042 /* CoreDataHelpers.swift in Sources */,
				826BFC9129F3ED4900B943F0 /* CoreDataPlanetsStore.swift in Sources */,
				828C2B2E29EF1997007A728B /* RemotePlanetsLoader.swift in Sources */,
				82A4EC2C29F1502F00CBD4D7 /* LocalPlanet.swift in Sources */,
				8246DC2529F072B600E00954 /* LocalPlanetsLoader.swift in Sources */,
				828C2B3029EF1997007A728B /* PlanetsMapper.swift in Sources */,
				828C2B2B29EF1997007A728B /* HTTPClient.swift in Sources */,
			);
			runOnlyForDeploymentPostprocessing = 0;
		};
		828C2B1929EF1980007A728B /* Sources */ = {
			isa = PBXSourcesBuildPhase;
			buildActionMask = 2147483647;
			files = (
				829C8DEF29F1981F007D5042 /* XCTestCase+FailableInsertPlanetsStoreSpecs.swift in Sources */,
				829C8DE829F19501007D5042 /* PlanetsStoreTestHelpers.swift in Sources */,
				8246DC1F29F0620B00E00954 /* StorePlanetsTests.swift in Sources */,
				828C2B3129EF19D0007A728B /* RemotePlanetsLoaderTests.swift in Sources */,
				829C8DF329F2845E007D5042 /* CoreDataPlanetsStoreTests.swift in Sources */,
				82A4EC2929F11ECC00CBD4D7 /* CodablePlanetsStoreTests.swift in Sources */,
				829C8DE629F19240007D5042 /* XCTestCase+FeedStoreSpecs.swift in Sources */,
				829C8DE429F19189007D5042 /* PlanetStoreSpecs.swift in Sources */,
				828C2B3229EF19D3007A728B /* URLSessionHTTPClientTests.swift in Sources */,
				829C8DEC29F197BE007D5042 /* XCTestCase+FailableRetrievePlanetsStoreSpecs.swift in Sources */,
				8246DC2129F0716E00E00954 /* LoadPlanetsFromStoreTests.swift in Sources */,
				829C8DF129F19831007D5042 /* XCTestCase+FailableDeletePlanetsStoreSpecs.swift in Sources */,
				828C2B3329EF19DA007A728B /* XCTestCase+MemoryLeakTracking.swift in Sources */,
			);
			runOnlyForDeploymentPostprocessing = 0;
		};
		828C2B3429EF1E9A007A728B /* Sources */ = {
			isa = PBXSourcesBuildPhase;
			buildActionMask = 2147483647;
			files = (
				828C2B3B29EF1E9A007A728B /* PlanetsAPIEndToEndTests.swift in Sources */,
				828C2B4229EF227A007A728B /* XCTestCase+MemoryLeakTracking.swift in Sources */,
			);
			runOnlyForDeploymentPostprocessing = 0;
		};
/* End PBXSourcesBuildPhase section */

/* Begin PBXTargetDependency section */
		826BFC9C29F43FF600B943F0 /* PBXTargetDependency */ = {
			isa = PBXTargetDependency;
			target = 828C2B1529EF1980007A728B /* CorePlanets */;
			targetProxy = 826BFC9B29F43FF600B943F0 /* PBXContainerItemProxy */;
		};
		828C2B2029EF1980007A728B /* PBXTargetDependency */ = {
			isa = PBXTargetDependency;
			target = 828C2B1529EF1980007A728B /* CorePlanets */;
			targetProxy = 828C2B1F29EF1980007A728B /* PBXContainerItemProxy */;
		};
		828C2B3E29EF1E9A007A728B /* PBXTargetDependency */ = {
			isa = PBXTargetDependency;
			target = 828C2B1529EF1980007A728B /* CorePlanets */;
			targetProxy = 828C2B3D29EF1E9A007A728B /* PBXContainerItemProxy */;
		};
/* End PBXTargetDependency section */

/* Begin PBXVariantGroup section */
		828C2AD829EEF407007A728B /* Main.storyboard */ = {
			isa = PBXVariantGroup;
			children = (
				828C2AD929EEF407007A728B /* Base */,
			);
			name = Main.storyboard;
			sourceTree = "<group>";
		};
		828C2ADD29EEF409007A728B /* LaunchScreen.storyboard */ = {
			isa = PBXVariantGroup;
			children = (
				828C2ADE29EEF409007A728B /* Base */,
			);
			name = LaunchScreen.storyboard;
			sourceTree = "<group>";
		};
/* End PBXVariantGroup section */

/* Begin XCBuildConfiguration section */
		826BFC9E29F43FF600B943F0 /* Debug */ = {
			isa = XCBuildConfiguration;
			buildSettings = {
				CODE_SIGN_STYLE = Automatic;
				CURRENT_PROJECT_VERSION = 1;
				DEVELOPMENT_TEAM = 6D2849K6LE;
				GENERATE_INFOPLIST_FILE = YES;
				MACOSX_DEPLOYMENT_TARGET = 12.5;
				MARKETING_VERSION = 1.0;
				PRODUCT_BUNDLE_IDENTIFIER = com.mdSolutions.PlanetsCacheIntegrationTests;
				PRODUCT_NAME = "$(TARGET_NAME)";
				SDKROOT = macosx;
				SWIFT_EMIT_LOC_STRINGS = NO;
				SWIFT_VERSION = 5.0;
			};
			name = Debug;
		};
		826BFC9F29F43FF600B943F0 /* Release */ = {
			isa = XCBuildConfiguration;
			buildSettings = {
				CODE_SIGN_STYLE = Automatic;
				CURRENT_PROJECT_VERSION = 1;
				DEVELOPMENT_TEAM = 6D2849K6LE;
				GENERATE_INFOPLIST_FILE = YES;
				MACOSX_DEPLOYMENT_TARGET = 12.5;
				MARKETING_VERSION = 1.0;
				PRODUCT_BUNDLE_IDENTIFIER = com.mdSolutions.PlanetsCacheIntegrationTests;
				PRODUCT_NAME = "$(TARGET_NAME)";
				SDKROOT = macosx;
				SWIFT_EMIT_LOC_STRINGS = NO;
				SWIFT_VERSION = 5.0;
			};
			name = Release;
		};
		828C2AE129EEF409007A728B /* Debug */ = {
			isa = XCBuildConfiguration;
			buildSettings = {
				ALWAYS_SEARCH_USER_PATHS = NO;
				CLANG_ANALYZER_NONNULL = YES;
				CLANG_ANALYZER_NUMBER_OBJECT_CONVERSION = YES_AGGRESSIVE;
				CLANG_CXX_LANGUAGE_STANDARD = "gnu++20";
				CLANG_ENABLE_MODULES = YES;
				CLANG_ENABLE_OBJC_ARC = YES;
				CLANG_ENABLE_OBJC_WEAK = YES;
				CLANG_WARN_BLOCK_CAPTURE_AUTORELEASING = YES;
				CLANG_WARN_BOOL_CONVERSION = YES;
				CLANG_WARN_COMMA = YES;
				CLANG_WARN_CONSTANT_CONVERSION = YES;
				CLANG_WARN_DEPRECATED_OBJC_IMPLEMENTATIONS = YES;
				CLANG_WARN_DIRECT_OBJC_ISA_USAGE = YES_ERROR;
				CLANG_WARN_DOCUMENTATION_COMMENTS = YES;
				CLANG_WARN_EMPTY_BODY = YES;
				CLANG_WARN_ENUM_CONVERSION = YES;
				CLANG_WARN_INFINITE_RECURSION = YES;
				CLANG_WARN_INT_CONVERSION = YES;
				CLANG_WARN_NON_LITERAL_NULL_CONVERSION = YES;
				CLANG_WARN_OBJC_IMPLICIT_RETAIN_SELF = YES;
				CLANG_WARN_OBJC_LITERAL_CONVERSION = YES;
				CLANG_WARN_OBJC_ROOT_CLASS = YES_ERROR;
				CLANG_WARN_QUOTED_INCLUDE_IN_FRAMEWORK_HEADER = YES;
				CLANG_WARN_RANGE_LOOP_ANALYSIS = YES;
				CLANG_WARN_STRICT_PROTOTYPES = YES;
				CLANG_WARN_SUSPICIOUS_MOVE = YES;
				CLANG_WARN_UNGUARDED_AVAILABILITY = YES_AGGRESSIVE;
				CLANG_WARN_UNREACHABLE_CODE = YES;
				CLANG_WARN__DUPLICATE_METHOD_MATCH = YES;
				COPY_PHASE_STRIP = NO;
				DEBUG_INFORMATION_FORMAT = dwarf;
				ENABLE_STRICT_OBJC_MSGSEND = YES;
				ENABLE_TESTABILITY = YES;
				GCC_C_LANGUAGE_STANDARD = gnu11;
				GCC_DYNAMIC_NO_PIC = NO;
				GCC_NO_COMMON_BLOCKS = YES;
				GCC_OPTIMIZATION_LEVEL = 0;
				GCC_PREPROCESSOR_DEFINITIONS = (
					"DEBUG=1",
					"$(inherited)",
				);
				GCC_WARN_64_TO_32_BIT_CONVERSION = YES;
				GCC_WARN_ABOUT_RETURN_TYPE = YES_ERROR;
				GCC_WARN_UNDECLARED_SELECTOR = YES;
				GCC_WARN_UNINITIALIZED_AUTOS = YES_AGGRESSIVE;
				GCC_WARN_UNUSED_FUNCTION = YES;
				GCC_WARN_UNUSED_VARIABLE = YES;
				IPHONEOS_DEPLOYMENT_TARGET = 16.2;
				MTL_ENABLE_DEBUG_INFO = INCLUDE_SOURCE;
				MTL_FAST_MATH = YES;
				ONLY_ACTIVE_ARCH = YES;
				SDKROOT = iphoneos;
				SWIFT_ACTIVE_COMPILATION_CONDITIONS = DEBUG;
				SWIFT_OPTIMIZATION_LEVEL = "-Onone";
			};
			name = Debug;
		};
		828C2AE229EEF409007A728B /* Release */ = {
			isa = XCBuildConfiguration;
			buildSettings = {
				ALWAYS_SEARCH_USER_PATHS = NO;
				CLANG_ANALYZER_NONNULL = YES;
				CLANG_ANALYZER_NUMBER_OBJECT_CONVERSION = YES_AGGRESSIVE;
				CLANG_CXX_LANGUAGE_STANDARD = "gnu++20";
				CLANG_ENABLE_MODULES = YES;
				CLANG_ENABLE_OBJC_ARC = YES;
				CLANG_ENABLE_OBJC_WEAK = YES;
				CLANG_WARN_BLOCK_CAPTURE_AUTORELEASING = YES;
				CLANG_WARN_BOOL_CONVERSION = YES;
				CLANG_WARN_COMMA = YES;
				CLANG_WARN_CONSTANT_CONVERSION = YES;
				CLANG_WARN_DEPRECATED_OBJC_IMPLEMENTATIONS = YES;
				CLANG_WARN_DIRECT_OBJC_ISA_USAGE = YES_ERROR;
				CLANG_WARN_DOCUMENTATION_COMMENTS = YES;
				CLANG_WARN_EMPTY_BODY = YES;
				CLANG_WARN_ENUM_CONVERSION = YES;
				CLANG_WARN_INFINITE_RECURSION = YES;
				CLANG_WARN_INT_CONVERSION = YES;
				CLANG_WARN_NON_LITERAL_NULL_CONVERSION = YES;
				CLANG_WARN_OBJC_IMPLICIT_RETAIN_SELF = YES;
				CLANG_WARN_OBJC_LITERAL_CONVERSION = YES;
				CLANG_WARN_OBJC_ROOT_CLASS = YES_ERROR;
				CLANG_WARN_QUOTED_INCLUDE_IN_FRAMEWORK_HEADER = YES;
				CLANG_WARN_RANGE_LOOP_ANALYSIS = YES;
				CLANG_WARN_STRICT_PROTOTYPES = YES;
				CLANG_WARN_SUSPICIOUS_MOVE = YES;
				CLANG_WARN_UNGUARDED_AVAILABILITY = YES_AGGRESSIVE;
				CLANG_WARN_UNREACHABLE_CODE = YES;
				CLANG_WARN__DUPLICATE_METHOD_MATCH = YES;
				COPY_PHASE_STRIP = NO;
				DEBUG_INFORMATION_FORMAT = "dwarf-with-dsym";
				ENABLE_NS_ASSERTIONS = NO;
				ENABLE_STRICT_OBJC_MSGSEND = YES;
				GCC_C_LANGUAGE_STANDARD = gnu11;
				GCC_NO_COMMON_BLOCKS = YES;
				GCC_WARN_64_TO_32_BIT_CONVERSION = YES;
				GCC_WARN_ABOUT_RETURN_TYPE = YES_ERROR;
				GCC_WARN_UNDECLARED_SELECTOR = YES;
				GCC_WARN_UNINITIALIZED_AUTOS = YES_AGGRESSIVE;
				GCC_WARN_UNUSED_FUNCTION = YES;
				GCC_WARN_UNUSED_VARIABLE = YES;
				IPHONEOS_DEPLOYMENT_TARGET = 16.2;
				MTL_ENABLE_DEBUG_INFO = NO;
				MTL_FAST_MATH = YES;
				SDKROOT = iphoneos;
				SWIFT_COMPILATION_MODE = wholemodule;
				SWIFT_OPTIMIZATION_LEVEL = "-O";
				VALIDATE_PRODUCT = YES;
			};
			name = Release;
		};
		828C2AE429EEF409007A728B /* Debug */ = {
			isa = XCBuildConfiguration;
			buildSettings = {
				ASSETCATALOG_COMPILER_APPICON_NAME = AppIcon;
				ASSETCATALOG_COMPILER_GLOBAL_ACCENT_COLOR_NAME = AccentColor;
				CODE_SIGN_STYLE = Automatic;
				CURRENT_PROJECT_VERSION = 1;
				DEVELOPMENT_TEAM = 6D2849K6LE;
				GENERATE_INFOPLIST_FILE = YES;
				INFOPLIST_FILE = Planets/Info.plist;
				INFOPLIST_KEY_UIApplicationSupportsIndirectInputEvents = YES;
				INFOPLIST_KEY_UILaunchStoryboardName = LaunchScreen;
				INFOPLIST_KEY_UIMainStoryboardFile = Main;
				INFOPLIST_KEY_UISupportedInterfaceOrientations_iPad = "UIInterfaceOrientationPortrait UIInterfaceOrientationPortraitUpsideDown UIInterfaceOrientationLandscapeLeft UIInterfaceOrientationLandscapeRight";
				INFOPLIST_KEY_UISupportedInterfaceOrientations_iPhone = "UIInterfaceOrientationPortrait UIInterfaceOrientationLandscapeLeft UIInterfaceOrientationLandscapeRight";
				LD_RUNPATH_SEARCH_PATHS = (
					"$(inherited)",
					"@executable_path/Frameworks",
				);
				MARKETING_VERSION = 1.0;
				PRODUCT_BUNDLE_IDENTIFIER = com.mdSolutions.Planets;
				PRODUCT_NAME = "$(TARGET_NAME)";
				SWIFT_EMIT_LOC_STRINGS = YES;
				SWIFT_VERSION = 5.0;
				TARGETED_DEVICE_FAMILY = "1,2";
			};
			name = Debug;
		};
		828C2AE529EEF409007A728B /* Release */ = {
			isa = XCBuildConfiguration;
			buildSettings = {
				ASSETCATALOG_COMPILER_APPICON_NAME = AppIcon;
				ASSETCATALOG_COMPILER_GLOBAL_ACCENT_COLOR_NAME = AccentColor;
				CODE_SIGN_STYLE = Automatic;
				CURRENT_PROJECT_VERSION = 1;
				DEVELOPMENT_TEAM = 6D2849K6LE;
				GENERATE_INFOPLIST_FILE = YES;
				INFOPLIST_FILE = Planets/Info.plist;
				INFOPLIST_KEY_UIApplicationSupportsIndirectInputEvents = YES;
				INFOPLIST_KEY_UILaunchStoryboardName = LaunchScreen;
				INFOPLIST_KEY_UIMainStoryboardFile = Main;
				INFOPLIST_KEY_UISupportedInterfaceOrientations_iPad = "UIInterfaceOrientationPortrait UIInterfaceOrientationPortraitUpsideDown UIInterfaceOrientationLandscapeLeft UIInterfaceOrientationLandscapeRight";
				INFOPLIST_KEY_UISupportedInterfaceOrientations_iPhone = "UIInterfaceOrientationPortrait UIInterfaceOrientationLandscapeLeft UIInterfaceOrientationLandscapeRight";
				LD_RUNPATH_SEARCH_PATHS = (
					"$(inherited)",
					"@executable_path/Frameworks",
				);
				MARKETING_VERSION = 1.0;
				PRODUCT_BUNDLE_IDENTIFIER = com.mdSolutions.Planets;
				PRODUCT_NAME = "$(TARGET_NAME)";
				SWIFT_EMIT_LOC_STRINGS = YES;
				SWIFT_VERSION = 5.0;
				TARGETED_DEVICE_FAMILY = "1,2";
			};
			name = Release;
		};
		828C2B2629EF1981007A728B /* Debug */ = {
			isa = XCBuildConfiguration;
			buildSettings = {
				CODE_SIGN_STYLE = Automatic;
				COMBINE_HIDPI_IMAGES = YES;
				CURRENT_PROJECT_VERSION = 1;
				DEFINES_MODULE = YES;
				DEVELOPMENT_TEAM = 6D2849K6LE;
				DYLIB_COMPATIBILITY_VERSION = 1;
				DYLIB_CURRENT_VERSION = 1;
				DYLIB_INSTALL_NAME_BASE = "@rpath";
				GENERATE_INFOPLIST_FILE = YES;
				INFOPLIST_KEY_NSHumanReadableCopyright = "";
				INSTALL_PATH = "$(LOCAL_LIBRARY_DIR)/Frameworks";
				LD_RUNPATH_SEARCH_PATHS = (
					"$(inherited)",
					"@executable_path/../Frameworks",
					"@loader_path/Frameworks",
				);
				MACOSX_DEPLOYMENT_TARGET = 12.5;
				MARKETING_VERSION = 1.0;
				PRODUCT_BUNDLE_IDENTIFIER = com.mdSolutions.CorePlanets;
				PRODUCT_NAME = "$(TARGET_NAME:c99extidentifier)";
				SDKROOT = macosx;
				SKIP_INSTALL = YES;
				SWIFT_EMIT_LOC_STRINGS = YES;
				SWIFT_VERSION = 5.0;
				VERSIONING_SYSTEM = "apple-generic";
				VERSION_INFO_PREFIX = "";
			};
			name = Debug;
		};
		828C2B2729EF1981007A728B /* Release */ = {
			isa = XCBuildConfiguration;
			buildSettings = {
				CODE_SIGN_STYLE = Automatic;
				COMBINE_HIDPI_IMAGES = YES;
				CURRENT_PROJECT_VERSION = 1;
				DEFINES_MODULE = YES;
				DEVELOPMENT_TEAM = 6D2849K6LE;
				DYLIB_COMPATIBILITY_VERSION = 1;
				DYLIB_CURRENT_VERSION = 1;
				DYLIB_INSTALL_NAME_BASE = "@rpath";
				GENERATE_INFOPLIST_FILE = YES;
				INFOPLIST_KEY_NSHumanReadableCopyright = "";
				INSTALL_PATH = "$(LOCAL_LIBRARY_DIR)/Frameworks";
				LD_RUNPATH_SEARCH_PATHS = (
					"$(inherited)",
					"@executable_path/../Frameworks",
					"@loader_path/Frameworks",
				);
				MACOSX_DEPLOYMENT_TARGET = 12.5;
				MARKETING_VERSION = 1.0;
				PRODUCT_BUNDLE_IDENTIFIER = com.mdSolutions.CorePlanets;
				PRODUCT_NAME = "$(TARGET_NAME:c99extidentifier)";
				SDKROOT = macosx;
				SKIP_INSTALL = YES;
				SWIFT_EMIT_LOC_STRINGS = YES;
				SWIFT_VERSION = 5.0;
				VERSIONING_SYSTEM = "apple-generic";
				VERSION_INFO_PREFIX = "";
			};
			name = Release;
		};
		828C2B2929EF1981007A728B /* Debug */ = {
			isa = XCBuildConfiguration;
			buildSettings = {
				ALWAYS_EMBED_SWIFT_STANDARD_LIBRARIES = YES;
				CODE_SIGN_STYLE = Automatic;
				CURRENT_PROJECT_VERSION = 1;
				DEVELOPMENT_TEAM = 6D2849K6LE;
				GENERATE_INFOPLIST_FILE = YES;
				MACOSX_DEPLOYMENT_TARGET = 12.5;
				MARKETING_VERSION = 1.0;
				PRODUCT_BUNDLE_IDENTIFIER = com.mdSolutions.CorePlanetsTests;
				PRODUCT_NAME = "$(TARGET_NAME)";
				SDKROOT = macosx;
				SWIFT_EMIT_LOC_STRINGS = NO;
				SWIFT_VERSION = 5.0;
			};
			name = Debug;
		};
		828C2B2A29EF1981007A728B /* Release */ = {
			isa = XCBuildConfiguration;
			buildSettings = {
				ALWAYS_EMBED_SWIFT_STANDARD_LIBRARIES = YES;
				CODE_SIGN_STYLE = Automatic;
				CURRENT_PROJECT_VERSION = 1;
				DEVELOPMENT_TEAM = 6D2849K6LE;
				GENERATE_INFOPLIST_FILE = YES;
				MACOSX_DEPLOYMENT_TARGET = 12.5;
				MARKETING_VERSION = 1.0;
				PRODUCT_BUNDLE_IDENTIFIER = com.mdSolutions.CorePlanetsTests;
				PRODUCT_NAME = "$(TARGET_NAME)";
				SDKROOT = macosx;
				SWIFT_EMIT_LOC_STRINGS = NO;
				SWIFT_VERSION = 5.0;
			};
			name = Release;
		};
		828C2B4029EF1E9A007A728B /* Debug */ = {
			isa = XCBuildConfiguration;
			buildSettings = {
				CODE_SIGN_STYLE = Automatic;
				CURRENT_PROJECT_VERSION = 1;
				DEVELOPMENT_TEAM = 6D2849K6LE;
				GENERATE_INFOPLIST_FILE = YES;
				MACOSX_DEPLOYMENT_TARGET = 12.5;
				MARKETING_VERSION = 1.0;
				PRODUCT_BUNDLE_IDENTIFIER = com.mdSolutions.PlanetsAPIEndToEndTests;
				PRODUCT_NAME = "$(TARGET_NAME)";
				SDKROOT = macosx;
				SWIFT_EMIT_LOC_STRINGS = NO;
				SWIFT_VERSION = 5.0;
			};
			name = Debug;
		};
		828C2B4129EF1E9A007A728B /* Release */ = {
			isa = XCBuildConfiguration;
			buildSettings = {
				CODE_SIGN_STYLE = Automatic;
				CURRENT_PROJECT_VERSION = 1;
				DEVELOPMENT_TEAM = 6D2849K6LE;
				GENERATE_INFOPLIST_FILE = YES;
				MACOSX_DEPLOYMENT_TARGET = 12.5;
				MARKETING_VERSION = 1.0;
				PRODUCT_BUNDLE_IDENTIFIER = com.mdSolutions.PlanetsAPIEndToEndTests;
				PRODUCT_NAME = "$(TARGET_NAME)";
				SDKROOT = macosx;
				SWIFT_EMIT_LOC_STRINGS = NO;
				SWIFT_VERSION = 5.0;
			};
			name = Release;
		};
/* End XCBuildConfiguration section */

/* Begin XCConfigurationList section */
		826BFC9D29F43FF600B943F0 /* Build configuration list for PBXNativeTarget "PlanetsCacheIntegrationTests" */ = {
			isa = XCConfigurationList;
			buildConfigurations = (
				826BFC9E29F43FF600B943F0 /* Debug */,
				826BFC9F29F43FF600B943F0 /* Release */,
			);
			defaultConfigurationIsVisible = 0;
			defaultConfigurationName = Release;
		};
		828C2ACA29EEF407007A728B /* Build configuration list for PBXProject "Planets" */ = {
			isa = XCConfigurationList;
			buildConfigurations = (
				828C2AE129EEF409007A728B /* Debug */,
				828C2AE229EEF409007A728B /* Release */,
			);
			defaultConfigurationIsVisible = 0;
			defaultConfigurationName = Release;
		};
		828C2AE329EEF409007A728B /* Build configuration list for PBXNativeTarget "Planets" */ = {
			isa = XCConfigurationList;
			buildConfigurations = (
				828C2AE429EEF409007A728B /* Debug */,
				828C2AE529EEF409007A728B /* Release */,
			);
			defaultConfigurationIsVisible = 0;
			defaultConfigurationName = Release;
		};
		828C2B2529EF1981007A728B /* Build configuration list for PBXNativeTarget "CorePlanets" */ = {
			isa = XCConfigurationList;
			buildConfigurations = (
				828C2B2629EF1981007A728B /* Debug */,
				828C2B2729EF1981007A728B /* Release */,
			);
			defaultConfigurationIsVisible = 0;
			defaultConfigurationName = Release;
		};
		828C2B2829EF1981007A728B /* Build configuration list for PBXNativeTarget "CorePlanetsTests" */ = {
			isa = XCConfigurationList;
			buildConfigurations = (
				828C2B2929EF1981007A728B /* Debug */,
				828C2B2A29EF1981007A728B /* Release */,
			);
			defaultConfigurationIsVisible = 0;
			defaultConfigurationName = Release;
		};
		828C2B3F29EF1E9A007A728B /* Build configuration list for PBXNativeTarget "PlanetsAPIEndToEndTests" */ = {
			isa = XCConfigurationList;
			buildConfigurations = (
				828C2B4029EF1E9A007A728B /* Debug */,
				828C2B4129EF1E9A007A728B /* Release */,
			);
			defaultConfigurationIsVisible = 0;
			defaultConfigurationName = Release;
		};
/* End XCConfigurationList section */

/* Begin XCVersionGroup section */
		829C8DF729F28AD5007D5042 /* PlanetsCache.xcdatamodeld */ = {
			isa = XCVersionGroup;
			children = (
				829C8DF829F28AD5007D5042 /* PlanetsCache.xcdatamodel */,
			);
			currentVersion = 829C8DF829F28AD5007D5042 /* PlanetsCache.xcdatamodel */;
			path = PlanetsCache.xcdatamodeld;
			sourceTree = "<group>";
			versionGroupType = wrapper.xcdatamodel;
		};
/* End XCVersionGroup section */
	};
	rootObject = 828C2AC729EEF407007A728B /* Project object */;
}
