// !$*UTF8*$!
{
	archiveVersion = 1;
	classes = {
	};
	objectVersion = 56;
	objects = {

/* Begin PBXBuildFile section */
		828C2AD329EEF407007A728B /* AppDelegate.swift in Sources */ = {isa = PBXBuildFile; fileRef = 828C2AD229EEF407007A728B /* AppDelegate.swift */; };
		828C2AD529EEF407007A728B /* SceneDelegate.swift in Sources */ = {isa = PBXBuildFile; fileRef = 828C2AD429EEF407007A728B /* SceneDelegate.swift */; };
		828C2AD729EEF407007A728B /* ViewController.swift in Sources */ = {isa = PBXBuildFile; fileRef = 828C2AD629EEF407007A728B /* ViewController.swift */; };
		828C2ADA29EEF407007A728B /* Main.storyboard in Resources */ = {isa = PBXBuildFile; fileRef = 828C2AD829EEF407007A728B /* Main.storyboard */; };
		828C2ADC29EEF409007A728B /* Assets.xcassets in Resources */ = {isa = PBXBuildFile; fileRef = 828C2ADB29EEF409007A728B /* Assets.xcassets */; };
		828C2ADF29EEF409007A728B /* LaunchScreen.storyboard in Resources */ = {isa = PBXBuildFile; fileRef = 828C2ADD29EEF409007A728B /* LaunchScreen.storyboard */; };
		828C2AF429EEF481007A728B /* RemotePlanetsLoaderTests.swift in Sources */ = {isa = PBXBuildFile; fileRef = 828C2AF329EEF481007A728B /* RemotePlanetsLoaderTests.swift */; };
		828C2AF729EF05A4007A728B /* XCTestCase+MemoryLeakTracking.swift in Sources */ = {isa = PBXBuildFile; fileRef = 828C2AF629EF05A4007A728B /* XCTestCase+MemoryLeakTracking.swift */; };
		828C2AF929EF0619007A728B /* RemotePlanetsLoader.swift in Sources */ = {isa = PBXBuildFile; fileRef = 828C2AF829EF0619007A728B /* RemotePlanetsLoader.swift */; };
		828C2AFB29EF0669007A728B /* HTTPClient.swift in Sources */ = {isa = PBXBuildFile; fileRef = 828C2AFA29EF0669007A728B /* HTTPClient.swift */; };
		828C2AFE29EF06B6007A728B /* Planet.swift in Sources */ = {isa = PBXBuildFile; fileRef = 828C2AFC29EF06B5007A728B /* Planet.swift */; };
		828C2AFF29EF06B6007A728B /* PlanetsLoader.swift in Sources */ = {isa = PBXBuildFile; fileRef = 828C2AFD29EF06B5007A728B /* PlanetsLoader.swift */; };
		828C2B0129EF0740007A728B /* PlanetsMapper.swift in Sources */ = {isa = PBXBuildFile; fileRef = 828C2B0029EF0740007A728B /* PlanetsMapper.swift */; };
		828C2B0329EF0F7C007A728B /* URLSessionHTTPClientTests.swift in Sources */ = {isa = PBXBuildFile; fileRef = 828C2B0229EF0F7C007A728B /* URLSessionHTTPClientTests.swift */; };
		828C2B0529EF0FA5007A728B /* URLSessionHTTPClient.swift in Sources */ = {isa = PBXBuildFile; fileRef = 828C2B0429EF0FA5007A728B /* URLSessionHTTPClient.swift */; };
		828C2B0D29EF16D4007A728B /* PlanetsAPIEndToEndTests.swift in Sources */ = {isa = PBXBuildFile; fileRef = 828C2B0C29EF16D4007A728B /* PlanetsAPIEndToEndTests.swift */; };
/* End PBXBuildFile section */

/* Begin PBXContainerItemProxy section */
		828C2AEE29EEF42A007A728B /* PBXContainerItemProxy */ = {
			isa = PBXContainerItemProxy;
			containerPortal = 828C2AC729EEF407007A728B /* Project object */;
			proxyType = 1;
			remoteGlobalIDString = 828C2ACE29EEF407007A728B;
			remoteInfo = Planets;
		};
/* End PBXContainerItemProxy section */

/* Begin PBXFileReference section */
		828C2ACF29EEF407007A728B /* Planets.app */ = {isa = PBXFileReference; explicitFileType = wrapper.application; includeInIndex = 0; path = Planets.app; sourceTree = BUILT_PRODUCTS_DIR; };
		828C2AD229EEF407007A728B /* AppDelegate.swift */ = {isa = PBXFileReference; lastKnownFileType = sourcecode.swift; path = AppDelegate.swift; sourceTree = "<group>"; };
		828C2AD429EEF407007A728B /* SceneDelegate.swift */ = {isa = PBXFileReference; lastKnownFileType = sourcecode.swift; path = SceneDelegate.swift; sourceTree = "<group>"; };
		828C2AD629EEF407007A728B /* ViewController.swift */ = {isa = PBXFileReference; lastKnownFileType = sourcecode.swift; path = ViewController.swift; sourceTree = "<group>"; };
		828C2AD929EEF407007A728B /* Base */ = {isa = PBXFileReference; lastKnownFileType = file.storyboard; name = Base; path = Base.lproj/Main.storyboard; sourceTree = "<group>"; };
		828C2ADB29EEF409007A728B /* Assets.xcassets */ = {isa = PBXFileReference; lastKnownFileType = folder.assetcatalog; path = Assets.xcassets; sourceTree = "<group>"; };
		828C2ADE29EEF409007A728B /* Base */ = {isa = PBXFileReference; lastKnownFileType = file.storyboard; name = Base; path = Base.lproj/LaunchScreen.storyboard; sourceTree = "<group>"; };
		828C2AE029EEF409007A728B /* Info.plist */ = {isa = PBXFileReference; lastKnownFileType = text.plist.xml; path = Info.plist; sourceTree = "<group>"; };
		828C2AEA29EEF42A007A728B /* PlanetsTests.xctest */ = {isa = PBXFileReference; explicitFileType = wrapper.cfbundle; includeInIndex = 0; path = PlanetsTests.xctest; sourceTree = BUILT_PRODUCTS_DIR; };
		828C2AF329EEF481007A728B /* RemotePlanetsLoaderTests.swift */ = {isa = PBXFileReference; lastKnownFileType = sourcecode.swift; path = RemotePlanetsLoaderTests.swift; sourceTree = "<group>"; };
		828C2AF629EF05A4007A728B /* XCTestCase+MemoryLeakTracking.swift */ = {isa = PBXFileReference; fileEncoding = 4; lastKnownFileType = sourcecode.swift; path = "XCTestCase+MemoryLeakTracking.swift"; sourceTree = "<group>"; };
		828C2AF829EF0619007A728B /* RemotePlanetsLoader.swift */ = {isa = PBXFileReference; fileEncoding = 4; lastKnownFileType = sourcecode.swift; path = RemotePlanetsLoader.swift; sourceTree = "<group>"; };
		828C2AFA29EF0669007A728B /* HTTPClient.swift */ = {isa = PBXFileReference; fileEncoding = 4; lastKnownFileType = sourcecode.swift; path = HTTPClient.swift; sourceTree = "<group>"; };
		828C2AFC29EF06B5007A728B /* Planet.swift */ = {isa = PBXFileReference; fileEncoding = 4; lastKnownFileType = sourcecode.swift; path = Planet.swift; sourceTree = "<group>"; };
		828C2AFD29EF06B5007A728B /* PlanetsLoader.swift */ = {isa = PBXFileReference; fileEncoding = 4; lastKnownFileType = sourcecode.swift; path = PlanetsLoader.swift; sourceTree = "<group>"; };
		828C2B0029EF0740007A728B /* PlanetsMapper.swift */ = {isa = PBXFileReference; fileEncoding = 4; lastKnownFileType = sourcecode.swift; path = PlanetsMapper.swift; sourceTree = "<group>"; };
		828C2B0229EF0F7C007A728B /* URLSessionHTTPClientTests.swift */ = {isa = PBXFileReference; fileEncoding = 4; lastKnownFileType = sourcecode.swift; path = URLSessionHTTPClientTests.swift; sourceTree = "<group>"; };
		828C2B0429EF0FA5007A728B /* URLSessionHTTPClient.swift */ = {isa = PBXFileReference; fileEncoding = 4; lastKnownFileType = sourcecode.swift; path = URLSessionHTTPClient.swift; sourceTree = "<group>"; };
		828C2B0A29EF16D4007A728B /* PlanetsAPIEndToEndTests.xctest */ = {isa = PBXFileReference; explicitFileType = wrapper.cfbundle; includeInIndex = 0; path = PlanetsAPIEndToEndTests.xctest; sourceTree = BUILT_PRODUCTS_DIR; };
		828C2B0C29EF16D4007A728B /* PlanetsAPIEndToEndTests.swift */ = {isa = PBXFileReference; lastKnownFileType = sourcecode.swift; path = PlanetsAPIEndToEndTests.swift; sourceTree = "<group>"; };
/* End PBXFileReference section */

/* Begin PBXFrameworksBuildPhase section */
		828C2ACC29EEF407007A728B /* Frameworks */ = {
			isa = PBXFrameworksBuildPhase;
			buildActionMask = 2147483647;
			files = (
			);
			runOnlyForDeploymentPostprocessing = 0;
		};
		828C2AE729EEF42A007A728B /* Frameworks */ = {
			isa = PBXFrameworksBuildPhase;
			buildActionMask = 2147483647;
			files = (
			);
			runOnlyForDeploymentPostprocessing = 0;
		};
		828C2B0729EF16D4007A728B /* Frameworks */ = {
			isa = PBXFrameworksBuildPhase;
			buildActionMask = 2147483647;
			files = (
			);
			runOnlyForDeploymentPostprocessing = 0;
		};
/* End PBXFrameworksBuildPhase section */

/* Begin PBXGroup section */
		828C2AC629EEF407007A728B = {
			isa = PBXGroup;
			children = (
				828C2AD129EEF407007A728B /* Planets */,
				828C2AEB29EEF42A007A728B /* PlanetsTests */,
				828C2B0B29EF16D4007A728B /* PlanetsAPIEndToEndTests */,
				828C2AD029EEF407007A728B /* Products */,
			);
			sourceTree = "<group>";
		};
		828C2AD029EEF407007A728B /* Products */ = {
			isa = PBXGroup;
			children = (
				828C2ACF29EEF407007A728B /* Planets.app */,
				828C2AEA29EEF42A007A728B /* PlanetsTests.xctest */,
				828C2B0A29EF16D4007A728B /* PlanetsAPIEndToEndTests.xctest */,
			);
			name = Products;
			sourceTree = "<group>";
		};
		828C2AD129EEF407007A728B /* Planets */ = {
			isa = PBXGroup;
			children = (
				828C2B0029EF0740007A728B /* PlanetsMapper.swift */,
				828C2AFC29EF06B5007A728B /* Planet.swift */,
				828C2AFD29EF06B5007A728B /* PlanetsLoader.swift */,
				828C2AFA29EF0669007A728B /* HTTPClient.swift */,
				828C2B0429EF0FA5007A728B /* URLSessionHTTPClient.swift */,
				828C2AF829EF0619007A728B /* RemotePlanetsLoader.swift */,
				828C2AD229EEF407007A728B /* AppDelegate.swift */,
				828C2AD429EEF407007A728B /* SceneDelegate.swift */,
				828C2AD629EEF407007A728B /* ViewController.swift */,
				828C2AD829EEF407007A728B /* Main.storyboard */,
				828C2ADB29EEF409007A728B /* Assets.xcassets */,
				828C2ADD29EEF409007A728B /* LaunchScreen.storyboard */,
				828C2AE029EEF409007A728B /* Info.plist */,
			);
			path = Planets;
			sourceTree = "<group>";
		};
		828C2AEB29EEF42A007A728B /* PlanetsTests */ = {
			isa = PBXGroup;
			children = (
				828C2AF529EF05A4007A728B /* Helpers */,
				828C2AF329EEF481007A728B /* RemotePlanetsLoaderTests.swift */,
				828C2B0229EF0F7C007A728B /* URLSessionHTTPClientTests.swift */,
			);
			path = PlanetsTests;
			sourceTree = "<group>";
		};
		828C2AF529EF05A4007A728B /* Helpers */ = {
			isa = PBXGroup;
			children = (
				828C2AF629EF05A4007A728B /* XCTestCase+MemoryLeakTracking.swift */,
			);
			path = Helpers;
			sourceTree = "<group>";
		};
		828C2B0B29EF16D4007A728B /* PlanetsAPIEndToEndTests */ = {
			isa = PBXGroup;
			children = (
				828C2B0C29EF16D4007A728B /* PlanetsAPIEndToEndTests.swift */,
			);
			path = PlanetsAPIEndToEndTests;
			sourceTree = "<group>";
		};
/* End PBXGroup section */

/* Begin PBXNativeTarget section */
		828C2ACE29EEF407007A728B /* Planets */ = {
			isa = PBXNativeTarget;
			buildConfigurationList = 828C2AE329EEF409007A728B /* Build configuration list for PBXNativeTarget "Planets" */;
			buildPhases = (
				828C2ACB29EEF407007A728B /* Sources */,
				828C2ACC29EEF407007A728B /* Frameworks */,
				828C2ACD29EEF407007A728B /* Resources */,
			);
			buildRules = (
			);
			dependencies = (
			);
			name = Planets;
			productName = Planets;
			productReference = 828C2ACF29EEF407007A728B /* Planets.app */;
			productType = "com.apple.product-type.application";
		};
		828C2AE929EEF42A007A728B /* PlanetsTests */ = {
			isa = PBXNativeTarget;
			buildConfigurationList = 828C2AF029EEF42A007A728B /* Build configuration list for PBXNativeTarget "PlanetsTests" */;
			buildPhases = (
				828C2AE629EEF42A007A728B /* Sources */,
				828C2AE729EEF42A007A728B /* Frameworks */,
				828C2AE829EEF42A007A728B /* Resources */,
			);
			buildRules = (
			);
			dependencies = (
				828C2AEF29EEF42A007A728B /* PBXTargetDependency */,
			);
			name = PlanetsTests;
			productName = PlanetsTests;
			productReference = 828C2AEA29EEF42A007A728B /* PlanetsTests.xctest */;
			productType = "com.apple.product-type.bundle.unit-test";
		};
		828C2B0929EF16D4007A728B /* PlanetsAPIEndToEndTests */ = {
			isa = PBXNativeTarget;
			buildConfigurationList = 828C2B0E29EF16D4007A728B /* Build configuration list for PBXNativeTarget "PlanetsAPIEndToEndTests" */;
			buildPhases = (
				828C2B0629EF16D4007A728B /* Sources */,
				828C2B0729EF16D4007A728B /* Frameworks */,
				828C2B0829EF16D4007A728B /* Resources */,
			);
			buildRules = (
			);
			dependencies = (
			);
			name = PlanetsAPIEndToEndTests;
			productName = PlanetsAPIEndToEndTests;
			productReference = 828C2B0A29EF16D4007A728B /* PlanetsAPIEndToEndTests.xctest */;
			productType = "com.apple.product-type.bundle.unit-test";
		};
/* End PBXNativeTarget section */

/* Begin PBXProject section */
		828C2AC729EEF407007A728B /* Project object */ = {
			isa = PBXProject;
			attributes = {
				BuildIndependentTargetsInParallel = 1;
				LastSwiftUpdateCheck = 1420;
				LastUpgradeCheck = 1420;
				TargetAttributes = {
					828C2ACE29EEF407007A728B = {
						CreatedOnToolsVersion = 14.2;
					};
					828C2AE929EEF42A007A728B = {
						CreatedOnToolsVersion = 14.2;
						LastSwiftMigration = 1420;
						TestTargetID = 828C2ACE29EEF407007A728B;
					};
					828C2B0929EF16D4007A728B = {
						CreatedOnToolsVersion = 14.2;
					};
				};
			};
			buildConfigurationList = 828C2ACA29EEF407007A728B /* Build configuration list for PBXProject "Planets" */;
			compatibilityVersion = "Xcode 14.0";
			developmentRegion = en;
			hasScannedForEncodings = 0;
			knownRegions = (
				en,
				Base,
			);
			mainGroup = 828C2AC629EEF407007A728B;
			productRefGroup = 828C2AD029EEF407007A728B /* Products */;
			projectDirPath = "";
			projectRoot = "";
			targets = (
				828C2ACE29EEF407007A728B /* Planets */,
				828C2AE929EEF42A007A728B /* PlanetsTests */,
				828C2B0929EF16D4007A728B /* PlanetsAPIEndToEndTests */,
			);
		};
/* End PBXProject section */

/* Begin PBXResourcesBuildPhase section */
		828C2ACD29EEF407007A728B /* Resources */ = {
			isa = PBXResourcesBuildPhase;
			buildActionMask = 2147483647;
			files = (
				828C2ADF29EEF409007A728B /* LaunchScreen.storyboard in Resources */,
				828C2ADC29EEF409007A728B /* Assets.xcassets in Resources */,
				828C2ADA29EEF407007A728B /* Main.storyboard in Resources */,
			);
			runOnlyForDeploymentPostprocessing = 0;
		};
		828C2AE829EEF42A007A728B /* Resources */ = {
			isa = PBXResourcesBuildPhase;
			buildActionMask = 2147483647;
			files = (
			);
			runOnlyForDeploymentPostprocessing = 0;
		};
		828C2B0829EF16D4007A728B /* Resources */ = {
			isa = PBXResourcesBuildPhase;
			buildActionMask = 2147483647;
			files = (
			);
			runOnlyForDeploymentPostprocessing = 0;
		};
/* End PBXResourcesBuildPhase section */

/* Begin PBXSourcesBuildPhase section */
		828C2ACB29EEF407007A728B /* Sources */ = {
			isa = PBXSourcesBuildPhase;
			buildActionMask = 2147483647;
			files = (
				828C2AFF29EF06B6007A728B /* PlanetsLoader.swift in Sources */,
				828C2AF929EF0619007A728B /* RemotePlanetsLoader.swift in Sources */,
				828C2AFB29EF0669007A728B /* HTTPClient.swift in Sources */,
				828C2B0129EF0740007A728B /* PlanetsMapper.swift in Sources */,
				828C2AFE29EF06B6007A728B /* Planet.swift in Sources */,
				828C2AD729EEF407007A728B /* ViewController.swift in Sources */,
				828C2AD329EEF407007A728B /* AppDelegate.swift in Sources */,
				828C2AD529EEF407007A728B /* SceneDelegate.swift in Sources */,
				828C2B0529EF0FA5007A728B /* URLSessionHTTPClient.swift in Sources */,
			);
			runOnlyForDeploymentPostprocessing = 0;
		};
		828C2AE629EEF42A007A728B /* Sources */ = {
			isa = PBXSourcesBuildPhase;
			buildActionMask = 2147483647;
			files = (
				828C2AF429EEF481007A728B /* RemotePlanetsLoaderTests.swift in Sources */,
				828C2B0329EF0F7C007A728B /* URLSessionHTTPClientTests.swift in Sources */,
				828C2AF729EF05A4007A728B /* XCTestCase+MemoryLeakTracking.swift in Sources */,
			);
			runOnlyForDeploymentPostprocessing = 0;
		};
		828C2B0629EF16D4007A728B /* Sources */ = {
			isa = PBXSourcesBuildPhase;
			buildActionMask = 2147483647;
			files = (
				828C2B0D29EF16D4007A728B /* PlanetsAPIEndToEndTests.swift in Sources */,
			);
			runOnlyForDeploymentPostprocessing = 0;
		};
/* End PBXSourcesBuildPhase section */

/* Begin PBXTargetDependency section */
		828C2AEF29EEF42A007A728B /* PBXTargetDependency */ = {
			isa = PBXTargetDependency;
			target = 828C2ACE29EEF407007A728B /* Planets */;
			targetProxy = 828C2AEE29EEF42A007A728B /* PBXContainerItemProxy */;
		};
/* End PBXTargetDependency section */

/* Begin PBXVariantGroup section */
		828C2AD829EEF407007A728B /* Main.storyboard */ = {
			isa = PBXVariantGroup;
			children = (
				828C2AD929EEF407007A728B /* Base */,
			);
			name = Main.storyboard;
			sourceTree = "<group>";
		};
		828C2ADD29EEF409007A728B /* LaunchScreen.storyboard */ = {
			isa = PBXVariantGroup;
			children = (
				828C2ADE29EEF409007A728B /* Base */,
			);
			name = LaunchScreen.storyboard;
			sourceTree = "<group>";
		};
/* End PBXVariantGroup section */

/* Begin XCBuildConfiguration section */
		828C2AE129EEF409007A728B /* Debug */ = {
			isa = XCBuildConfiguration;
			buildSettings = {
				ALWAYS_SEARCH_USER_PATHS = NO;
				CLANG_ANALYZER_NONNULL = YES;
				CLANG_ANALYZER_NUMBER_OBJECT_CONVERSION = YES_AGGRESSIVE;
				CLANG_CXX_LANGUAGE_STANDARD = "gnu++20";
				CLANG_ENABLE_MODULES = YES;
				CLANG_ENABLE_OBJC_ARC = YES;
				CLANG_ENABLE_OBJC_WEAK = YES;
				CLANG_WARN_BLOCK_CAPTURE_AUTORELEASING = YES;
				CLANG_WARN_BOOL_CONVERSION = YES;
				CLANG_WARN_COMMA = YES;
				CLANG_WARN_CONSTANT_CONVERSION = YES;
				CLANG_WARN_DEPRECATED_OBJC_IMPLEMENTATIONS = YES;
				CLANG_WARN_DIRECT_OBJC_ISA_USAGE = YES_ERROR;
				CLANG_WARN_DOCUMENTATION_COMMENTS = YES;
				CLANG_WARN_EMPTY_BODY = YES;
				CLANG_WARN_ENUM_CONVERSION = YES;
				CLANG_WARN_INFINITE_RECURSION = YES;
				CLANG_WARN_INT_CONVERSION = YES;
				CLANG_WARN_NON_LITERAL_NULL_CONVERSION = YES;
				CLANG_WARN_OBJC_IMPLICIT_RETAIN_SELF = YES;
				CLANG_WARN_OBJC_LITERAL_CONVERSION = YES;
				CLANG_WARN_OBJC_ROOT_CLASS = YES_ERROR;
				CLANG_WARN_QUOTED_INCLUDE_IN_FRAMEWORK_HEADER = YES;
				CLANG_WARN_RANGE_LOOP_ANALYSIS = YES;
				CLANG_WARN_STRICT_PROTOTYPES = YES;
				CLANG_WARN_SUSPICIOUS_MOVE = YES;
				CLANG_WARN_UNGUARDED_AVAILABILITY = YES_AGGRESSIVE;
				CLANG_WARN_UNREACHABLE_CODE = YES;
				CLANG_WARN__DUPLICATE_METHOD_MATCH = YES;
				COPY_PHASE_STRIP = NO;
				DEBUG_INFORMATION_FORMAT = dwarf;
				ENABLE_STRICT_OBJC_MSGSEND = YES;
				ENABLE_TESTABILITY = YES;
				GCC_C_LANGUAGE_STANDARD = gnu11;
				GCC_DYNAMIC_NO_PIC = NO;
				GCC_NO_COMMON_BLOCKS = YES;
				GCC_OPTIMIZATION_LEVEL = 0;
				GCC_PREPROCESSOR_DEFINITIONS = (
					"DEBUG=1",
					"$(inherited)",
				);
				GCC_WARN_64_TO_32_BIT_CONVERSION = YES;
				GCC_WARN_ABOUT_RETURN_TYPE = YES_ERROR;
				GCC_WARN_UNDECLARED_SELECTOR = YES;
				GCC_WARN_UNINITIALIZED_AUTOS = YES_AGGRESSIVE;
				GCC_WARN_UNUSED_FUNCTION = YES;
				GCC_WARN_UNUSED_VARIABLE = YES;
				IPHONEOS_DEPLOYMENT_TARGET = 16.2;
				MTL_ENABLE_DEBUG_INFO = INCLUDE_SOURCE;
				MTL_FAST_MATH = YES;
				ONLY_ACTIVE_ARCH = YES;
				SDKROOT = iphoneos;
				SWIFT_ACTIVE_COMPILATION_CONDITIONS = DEBUG;
				SWIFT_OPTIMIZATION_LEVEL = "-Onone";
			};
			name = Debug;
		};
		828C2AE229EEF409007A728B /* Release */ = {
			isa = XCBuildConfiguration;
			buildSettings = {
				ALWAYS_SEARCH_USER_PATHS = NO;
				CLANG_ANALYZER_NONNULL = YES;
				CLANG_ANALYZER_NUMBER_OBJECT_CONVERSION = YES_AGGRESSIVE;
				CLANG_CXX_LANGUAGE_STANDARD = "gnu++20";
				CLANG_ENABLE_MODULES = YES;
				CLANG_ENABLE_OBJC_ARC = YES;
				CLANG_ENABLE_OBJC_WEAK = YES;
				CLANG_WARN_BLOCK_CAPTURE_AUTORELEASING = YES;
				CLANG_WARN_BOOL_CONVERSION = YES;
				CLANG_WARN_COMMA = YES;
				CLANG_WARN_CONSTANT_CONVERSION = YES;
				CLANG_WARN_DEPRECATED_OBJC_IMPLEMENTATIONS = YES;
				CLANG_WARN_DIRECT_OBJC_ISA_USAGE = YES_ERROR;
				CLANG_WARN_DOCUMENTATION_COMMENTS = YES;
				CLANG_WARN_EMPTY_BODY = YES;
				CLANG_WARN_ENUM_CONVERSION = YES;
				CLANG_WARN_INFINITE_RECURSION = YES;
				CLANG_WARN_INT_CONVERSION = YES;
				CLANG_WARN_NON_LITERAL_NULL_CONVERSION = YES;
				CLANG_WARN_OBJC_IMPLICIT_RETAIN_SELF = YES;
				CLANG_WARN_OBJC_LITERAL_CONVERSION = YES;
				CLANG_WARN_OBJC_ROOT_CLASS = YES_ERROR;
				CLANG_WARN_QUOTED_INCLUDE_IN_FRAMEWORK_HEADER = YES;
				CLANG_WARN_RANGE_LOOP_ANALYSIS = YES;
				CLANG_WARN_STRICT_PROTOTYPES = YES;
				CLANG_WARN_SUSPICIOUS_MOVE = YES;
				CLANG_WARN_UNGUARDED_AVAILABILITY = YES_AGGRESSIVE;
				CLANG_WARN_UNREACHABLE_CODE = YES;
				CLANG_WARN__DUPLICATE_METHOD_MATCH = YES;
				COPY_PHASE_STRIP = NO;
				DEBUG_INFORMATION_FORMAT = "dwarf-with-dsym";
				ENABLE_NS_ASSERTIONS = NO;
				ENABLE_STRICT_OBJC_MSGSEND = YES;
				GCC_C_LANGUAGE_STANDARD = gnu11;
				GCC_NO_COMMON_BLOCKS = YES;
				GCC_WARN_64_TO_32_BIT_CONVERSION = YES;
				GCC_WARN_ABOUT_RETURN_TYPE = YES_ERROR;
				GCC_WARN_UNDECLARED_SELECTOR = YES;
				GCC_WARN_UNINITIALIZED_AUTOS = YES_AGGRESSIVE;
				GCC_WARN_UNUSED_FUNCTION = YES;
				GCC_WARN_UNUSED_VARIABLE = YES;
				IPHONEOS_DEPLOYMENT_TARGET = 16.2;
				MTL_ENABLE_DEBUG_INFO = NO;
				MTL_FAST_MATH = YES;
				SDKROOT = iphoneos;
				SWIFT_COMPILATION_MODE = wholemodule;
				SWIFT_OPTIMIZATION_LEVEL = "-O";
				VALIDATE_PRODUCT = YES;
			};
			name = Release;
		};
		828C2AE429EEF409007A728B /* Debug */ = {
			isa = XCBuildConfiguration;
			buildSettings = {
				ASSETCATALOG_COMPILER_APPICON_NAME = AppIcon;
				ASSETCATALOG_COMPILER_GLOBAL_ACCENT_COLOR_NAME = AccentColor;
				CODE_SIGN_STYLE = Automatic;
				CURRENT_PROJECT_VERSION = 1;
				DEVELOPMENT_TEAM = 6D2849K6LE;
				GENERATE_INFOPLIST_FILE = YES;
				INFOPLIST_FILE = Planets/Info.plist;
				INFOPLIST_KEY_UIApplicationSupportsIndirectInputEvents = YES;
				INFOPLIST_KEY_UILaunchStoryboardName = LaunchScreen;
				INFOPLIST_KEY_UIMainStoryboardFile = Main;
				INFOPLIST_KEY_UISupportedInterfaceOrientations_iPad = "UIInterfaceOrientationPortrait UIInterfaceOrientationPortraitUpsideDown UIInterfaceOrientationLandscapeLeft UIInterfaceOrientationLandscapeRight";
				INFOPLIST_KEY_UISupportedInterfaceOrientations_iPhone = "UIInterfaceOrientationPortrait UIInterfaceOrientationLandscapeLeft UIInterfaceOrientationLandscapeRight";
				LD_RUNPATH_SEARCH_PATHS = (
					"$(inherited)",
					"@executable_path/Frameworks",
				);
				MARKETING_VERSION = 1.0;
				PRODUCT_BUNDLE_IDENTIFIER = com.mdSolutions.Planets;
				PRODUCT_NAME = "$(TARGET_NAME)";
				SWIFT_EMIT_LOC_STRINGS = YES;
				SWIFT_VERSION = 5.0;
				TARGETED_DEVICE_FAMILY = "1,2";
			};
			name = Debug;
		};
		828C2AE529EEF409007A728B /* Release */ = {
			isa = XCBuildConfiguration;
			buildSettings = {
				ASSETCATALOG_COMPILER_APPICON_NAME = AppIcon;
				ASSETCATALOG_COMPILER_GLOBAL_ACCENT_COLOR_NAME = AccentColor;
				CODE_SIGN_STYLE = Automatic;
				CURRENT_PROJECT_VERSION = 1;
				DEVELOPMENT_TEAM = 6D2849K6LE;
				GENERATE_INFOPLIST_FILE = YES;
				INFOPLIST_FILE = Planets/Info.plist;
				INFOPLIST_KEY_UIApplicationSupportsIndirectInputEvents = YES;
				INFOPLIST_KEY_UILaunchStoryboardName = LaunchScreen;
				INFOPLIST_KEY_UIMainStoryboardFile = Main;
				INFOPLIST_KEY_UISupportedInterfaceOrientations_iPad = "UIInterfaceOrientationPortrait UIInterfaceOrientationPortraitUpsideDown UIInterfaceOrientationLandscapeLeft UIInterfaceOrientationLandscapeRight";
				INFOPLIST_KEY_UISupportedInterfaceOrientations_iPhone = "UIInterfaceOrientationPortrait UIInterfaceOrientationLandscapeLeft UIInterfaceOrientationLandscapeRight";
				LD_RUNPATH_SEARCH_PATHS = (
					"$(inherited)",
					"@executable_path/Frameworks",
				);
				MARKETING_VERSION = 1.0;
				PRODUCT_BUNDLE_IDENTIFIER = com.mdSolutions.Planets;
				PRODUCT_NAME = "$(TARGET_NAME)";
				SWIFT_EMIT_LOC_STRINGS = YES;
				SWIFT_VERSION = 5.0;
				TARGETED_DEVICE_FAMILY = "1,2";
			};
			name = Release;
		};
		828C2AF129EEF42A007A728B /* Debug */ = {
			isa = XCBuildConfiguration;
			buildSettings = {
				BUNDLE_LOADER = "$(TEST_HOST)";
				CLANG_ENABLE_MODULES = YES;
				CODE_SIGN_STYLE = Automatic;
				CURRENT_PROJECT_VERSION = 1;
				DEVELOPMENT_TEAM = 6D2849K6LE;
				GENERATE_INFOPLIST_FILE = YES;
				LD_RUNPATH_SEARCH_PATHS = (
					"$(inherited)",
					"@executable_path/Frameworks",
					"@loader_path/Frameworks",
				);
				MARKETING_VERSION = 1.0;
				PRODUCT_BUNDLE_IDENTIFIER = com.mdSolutions.PlanetsTests;
				PRODUCT_NAME = "$(TARGET_NAME)";
				SWIFT_EMIT_LOC_STRINGS = NO;
				SWIFT_OPTIMIZATION_LEVEL = "-Onone";
				SWIFT_VERSION = 5.0;
				TARGETED_DEVICE_FAMILY = "1,2";
				TEST_HOST = "$(BUILT_PRODUCTS_DIR)/Planets.app/$(BUNDLE_EXECUTABLE_FOLDER_PATH)/Planets";
			};
			name = Debug;
		};
		828C2AF229EEF42A007A728B /* Release */ = {
			isa = XCBuildConfiguration;
			buildSettings = {
				BUNDLE_LOADER = "$(TEST_HOST)";
				CLANG_ENABLE_MODULES = YES;
				CODE_SIGN_STYLE = Automatic;
				CURRENT_PROJECT_VERSION = 1;
				DEVELOPMENT_TEAM = 6D2849K6LE;
				GENERATE_INFOPLIST_FILE = YES;
				LD_RUNPATH_SEARCH_PATHS = (
					"$(inherited)",
					"@executable_path/Frameworks",
					"@loader_path/Frameworks",
				);
				MARKETING_VERSION = 1.0;
				PRODUCT_BUNDLE_IDENTIFIER = com.mdSolutions.PlanetsTests;
				PRODUCT_NAME = "$(TARGET_NAME)";
				SWIFT_EMIT_LOC_STRINGS = NO;
				SWIFT_VERSION = 5.0;
				TARGETED_DEVICE_FAMILY = "1,2";
				TEST_HOST = "$(BUILT_PRODUCTS_DIR)/Planets.app/$(BUNDLE_EXECUTABLE_FOLDER_PATH)/Planets";
			};
			name = Release;
		};
		828C2B0F29EF16D4007A728B /* Debug */ = {
			isa = XCBuildConfiguration;
			buildSettings = {
				CODE_SIGN_STYLE = Automatic;
				CURRENT_PROJECT_VERSION = 1;
				DEVELOPMENT_TEAM = 6D2849K6LE;
				GENERATE_INFOPLIST_FILE = YES;
				MACOSX_DEPLOYMENT_TARGET = 12.5;
				MARKETING_VERSION = 1.0;
				PRODUCT_BUNDLE_IDENTIFIER = com.mdSolutions.PlanetsAPIEndToEndTests;
				PRODUCT_NAME = "$(TARGET_NAME)";
				SDKROOT = macosx;
				SWIFT_EMIT_LOC_STRINGS = NO;
				SWIFT_VERSION = 5.0;
			};
			name = Debug;
		};
		828C2B1029EF16D4007A728B /* Release */ = {
			isa = XCBuildConfiguration;
			buildSettings = {
				CODE_SIGN_STYLE = Automatic;
				CURRENT_PROJECT_VERSION = 1;
				DEVELOPMENT_TEAM = 6D2849K6LE;
				GENERATE_INFOPLIST_FILE = YES;
				MACOSX_DEPLOYMENT_TARGET = 12.5;
				MARKETING_VERSION = 1.0;
				PRODUCT_BUNDLE_IDENTIFIER = com.mdSolutions.PlanetsAPIEndToEndTests;
				PRODUCT_NAME = "$(TARGET_NAME)";
				SDKROOT = macosx;
				SWIFT_EMIT_LOC_STRINGS = NO;
				SWIFT_VERSION = 5.0;
			};
			name = Release;
		};
/* End XCBuildConfiguration section */

/* Begin XCConfigurationList section */
		828C2ACA29EEF407007A728B /* Build configuration list for PBXProject "Planets" */ = {
			isa = XCConfigurationList;
			buildConfigurations = (
				828C2AE129EEF409007A728B /* Debug */,
				828C2AE229EEF409007A728B /* Release */,
			);
			defaultConfigurationIsVisible = 0;
			defaultConfigurationName = Release;
		};
		828C2AE329EEF409007A728B /* Build configuration list for PBXNativeTarget "Planets" */ = {
			isa = XCConfigurationList;
			buildConfigurations = (
				828C2AE429EEF409007A728B /* Debug */,
				828C2AE529EEF409007A728B /* Release */,
			);
			defaultConfigurationIsVisible = 0;
			defaultConfigurationName = Release;
		};
		828C2AF029EEF42A007A728B /* Build configuration list for PBXNativeTarget "PlanetsTests" */ = {
			isa = XCConfigurationList;
			buildConfigurations = (
				828C2AF129EEF42A007A728B /* Debug */,
				828C2AF229EEF42A007A728B /* Release */,
			);
			defaultConfigurationIsVisible = 0;
			defaultConfigurationName = Release;
		};
		828C2B0E29EF16D4007A728B /* Build configuration list for PBXNativeTarget "PlanetsAPIEndToEndTests" */ = {
			isa = XCConfigurationList;
			buildConfigurations = (
				828C2B0F29EF16D4007A728B /* Debug */,
				828C2B1029EF16D4007A728B /* Release */,
			);
			defaultConfigurationIsVisible = 0;
			defaultConfigurationName = Release;
		};
/* End XCConfigurationList section */
	};
	rootObject = 828C2AC729EEF407007A728B /* Project object */;
}
